
Microsoft Visual Studio Solution File, Format Version 12.00
# Visual Studio Version 16
VisualStudioVersion = 16.0.30320.27
MinimumVisualStudioVersion = 10.0.40219.1
Project("{FAE04EC0-301F-11D3-BF4B-00C04F79EFBC}") = "ASMC", "ASMC\ASMC.csproj", "{0F3A4BF6-B35C-4F85-80F2-A756F3495A77}"
EndProject
Project("{FAE04EC0-301F-11D3-BF4B-00C04F79EFBC}") = "ASMC.Core", "ASMC.Core\ASMC.Core.csproj", "{ADB547EB-33AA-4C07-A493-C80729632A8B}"
EndProject
Project("{FAE04EC0-301F-11D3-BF4B-00C04F79EFBC}") = "AP.Reports", "AP.Reports\AP.Reports.csproj", "{630EEDDE-FE14-4BA9-A2DA-7976F9BEE39A}"
EndProject
Project("{FAE04EC0-301F-11D3-BF4B-00C04F79EFBC}") = "ASMC.Data.Model", "ASMC.Data.Model\ASMC.Data.Model.csproj", "{F76E5DBB-5041-44C1-9194-6E92AF51B314}"
EndProject
Project("{FAE04EC0-301F-11D3-BF4B-00C04F79EFBC}") = "AP.Checkout", "AP.Checkout\AP.Checkout.csproj", "{5BFAF6E1-10AE-483E-B645-423065E414AD}"
EndProject
Project("{FAE04EC0-301F-11D3-BF4B-00C04F79EFBC}") = "AP.Math", "AP.Math\AP.Math.csproj", "{3B414E92-0CCD-4321-95C6-FE0C71BDA0E6}"
EndProject
Project("{FAE04EC0-301F-11D3-BF4B-00C04F79EFBC}") = "AP.Math.Processing", "AP.Math.Processing\AP.Math.Processing.csproj", "{6CDC2883-ED4A-44F6-98DF-FC003382B2E4}"
EndProject
Project("{FAE04EC0-301F-11D3-BF4B-00C04F79EFBC}") = "ASMC.MVision", "ASMC.MVision\ASMC.MVision.csproj", "{A25F06CB-6E50-4A6B-AB3D-C78DC06E0327}"
EndProject
Project("{FAE04EC0-301F-11D3-BF4B-00C04F79EFBC}") = "AP.Utils", "AP.Utils\AP.Utils.csproj", "{FF877F85-43B8-4779-A822-A2904ADC1100}"
EndProject
Project("{FAE04EC0-301F-11D3-BF4B-00C04F79EFBC}") = "ASMC.Data.UnitTest", "ASMC.Data.UnitTest\ASMC.Data.UnitTest.csproj", "{5F5E3980-00EB-45D1-8C28-8B23CFEB01C9}"
EndProject
Project("{FAE04EC0-301F-11D3-BF4B-00C04F79EFBC}") = "AP.Barcoder", "AP.Barcoder\AP.Barcoder.csproj", "{81B5A006-AAB3-43B0-B7C1-2E290B87F1BA}"
EndProject
Project("{FAE04EC0-301F-11D3-BF4B-00C04F79EFBC}") = "ASMC.Interpreter", "ASMC.Interpreter\ASMC.Interpreter.csproj", "{8056D2DD-58E0-4FE8-9FF2-95F11AE8A4AC}"
EndProject
Project("{FAE04EC0-301F-11D3-BF4B-00C04F79EFBC}") = "UnitTest.ASMC.Interpreter", "UnitTest.ASMC.Interpreter\UnitTest.ASMC.Interpreter.csproj", "{61F43078-9C64-4FD0-95DF-73966514AB97}"
EndProject
Project("{2150E333-8FDC-42A3-9474-1A3956D46DE8}") = "Plugins", "Plugins", "{68AEA7B5-A438-4196-BB56-CD0A1E70478B}"
EndProject
Project("{FAE04EC0-301F-11D3-BF4B-00C04F79EFBC}") = "B5-71-1-PRO", "Plugins\B5-71-1-PRO\B5-71-1-PRO.csproj", "{FD6E637E-83A1-4B18-B19F-992185034AAB}"
EndProject
Project("{2150E333-8FDC-42A3-9474-1A3956D46DE8}") = "B5-71-PRO", "B5-71-PRO", "{9EBAAAF2-7C59-46AE-B7B9-69722F8044C4}"
EndProject
Project("{2150E333-8FDC-42A3-9474-1A3956D46DE8}") = "42467_09", "42467_09", "{C29E3A73-0B49-480B-8263-D3A48ABFE665}"
EndProject
Project("{FAE04EC0-301F-11D3-BF4B-00C04F79EFBC}") = "ASMC.Devices", "ASMC.Devices\ASMC.Devices.csproj", "{C606FA94-0B7E-4698-801F-206CA9DA0CEF}"
EndProject
Project("{FAE04EC0-301F-11D3-BF4B-00C04F79EFBC}") = "B5-71-2-PRO", "Plugins\B5-71-2-PRO\B5-71-2-PRO.csproj", "{F1816CFB-73D8-44C9-B045-72FB04919053}"
EndProject
Project("{FAE04EC0-301F-11D3-BF4B-00C04F79EFBC}") = "B5-71-4-PRO", "Plugins\B5-71-4-PRO\B5-71-4-PRO.csproj", "{A30C81CA-A737-4242-A063-00E0F7003FB4}"
EndProject
Project("{FAE04EC0-301F-11D3-BF4B-00C04F79EFBC}") = "APPA-107N-109NBasePlugin", "Plugins\APPA\APPA-107N-109N\APPA-107N-109NBasePlugin.csproj", "{2BC759A0-2E5F-46EF-AA23-555D6475EA6C}"
EndProject
Project("{2150E333-8FDC-42A3-9474-1A3956D46DE8}") = "APPA", "APPA", "{68982F7F-C03C-43FC-9AE6-4444784300AD}"
EndProject
Project("{FAE04EC0-301F-11D3-BF4B-00C04F79EFBC}") = "B5-71-PRO_Abstract", "Plugins\B5-71-PRO_Abstract\B5-71-PRO_Abstract.csproj", "{9E15A5E6-F812-4E56-BF83-2B5C0D247F96}"
EndProject
Project("{FAE04EC0-301F-11D3-BF4B-00C04F79EFBC}") = "Appa107N", "Plugins\APPA\Appa107N\Appa107N.csproj", "{772623D3-0F1A-4F0C-BECA-3CE5C001E78C}"
EndProject
Project("{FAE04EC0-301F-11D3-BF4B-00C04F79EFBC}") = "Appa109N", "Plugins\APPA\Appa109N\Appa109N.csproj", "{B49AD766-BD4A-4729-B4FC-D83F70661D07}"
EndProject
Project("{FAE04EC0-301F-11D3-BF4B-00C04F79EFBC}") = "ASMC.Common", "ASMC.Common\ASMC.Common.csproj", "{7FE244D8-06C9-4B0E-B2E5-7E92AC14E48D}"
EndProject
Project("{FAE04EC0-301F-11D3-BF4B-00C04F79EFBC}") = "ASMC.Devices.UInterface", "ASMC.Devices.UInterface\ASMC.Devices.UInterface.csproj", "{E9310A9C-14AB-4C55-83B9-83FE13E1EC3B}"
EndProject
Project("{FAE04EC0-301F-11D3-BF4B-00C04F79EFBC}") = "Test", "Plugins\Test\Test.csproj", "{73947502-8419-482B-BBE6-651B2A170221}"
EndProject
Project("{FAE04EC0-301F-11D3-BF4B-00C04F79EFBC}") = "AP.Themes", "AP.Themes\AP.Themes.csproj", "{14B0EE9A-3568-49E1-A675-7E4F65A4C7A1}"
EndProject
Project("{2150E333-8FDC-42A3-9474-1A3956D46DE8}") = "Keysight", "Keysight", "{EF80FF17-E9FB-44FF-BF2C-824612CBF15D}"
EndProject
Project("{2150E333-8FDC-42A3-9474-1A3956D46DE8}") = "Osciloscope", "Osciloscope", "{EC860D1A-0A00-42F8-9790-291A22817C26}"
EndProject
Project("{2150E333-8FDC-42A3-9474-1A3956D46DE8}") = "TDS", "TDS", "{076DAE1B-436F-4EA9-9EA6-6D7B6B946101}"
EndProject
Project("{FAE04EC0-301F-11D3-BF4B-00C04F79EFBC}") = "TDS_Base_Plugin", "Plugins\Keysight\Osciloscope\TDS\TDS_Base_Plugin\TDS_Base_Plugin.csproj", "{2D4B4631-562D-44C3-902A-2FA932753140}"
EndProject
Project("{2150E333-8FDC-42A3-9474-1A3956D46DE8}") = "DialIndicator", "DialIndicator", "{138B1DBE-B890-44E6-A881-641AE158F54B}"
EndProject
Project("{2150E333-8FDC-42A3-9474-1A3956D46DE8}") = "49310_12", "49310_12", "{8F36E485-02DA-4915-B635-48BC69099B7C}"
EndProject
Project("{FAE04EC0-301F-11D3-BF4B-00C04F79EFBC}") = "Indicator_10", "Plugins\DialIndicator\49310_12\Indicator_10\WpfControlLibrary1\Indicator_10.csproj", "{A591274A-2626-4FA6-8C9C-BBAC6586EF07}"
EndProject
Project("{FAE04EC0-301F-11D3-BF4B-00C04F79EFBC}") = "TDS_BasePlugin", "Plugins\Tektronix\TDS_BasePlugin\TDS_BasePlugin.csproj", "{C362FA9E-DF8D-49B0-A86A-64661ECDBA9E}"
EndProject
Project("{2150E333-8FDC-42A3-9474-1A3956D46DE8}") = "Tektronix", "Tektronix", "{5301CE9E-3AD8-44A5-85FF-5DDA4A0480A8}"
EndProject
Project("{2150E333-8FDC-42A3-9474-1A3956D46DE8}") = "TDS", "TDS", "{5242D79B-B6B8-4E15-A475-B55E0B98F75E}"
EndProject
Project("{FAE04EC0-301F-11D3-BF4B-00C04F79EFBC}") = "TDS2022B", "Plugins\Tektronix\TDS2022B\TDS2022B.csproj", "{26E60C8C-35EA-494E-8317-3B2BB09A9216}"
EndProject
Global
	GlobalSection(SolutionConfigurationPlatforms) = preSolution
		Debug|Any CPU = Debug|Any CPU
		Debug|x86 = Debug|x86
		Release|Any CPU = Release|Any CPU
		Release|x86 = Release|x86
	EndGlobalSection
	GlobalSection(ProjectConfigurationPlatforms) = postSolution
		{0F3A4BF6-B35C-4F85-80F2-A756F3495A77}.Debug|Any CPU.ActiveCfg = Debug|Any CPU
		{0F3A4BF6-B35C-4F85-80F2-A756F3495A77}.Debug|Any CPU.Build.0 = Debug|Any CPU
		{0F3A4BF6-B35C-4F85-80F2-A756F3495A77}.Debug|x86.ActiveCfg = Debug|Any CPU
		{0F3A4BF6-B35C-4F85-80F2-A756F3495A77}.Debug|x86.Build.0 = Debug|Any CPU
		{0F3A4BF6-B35C-4F85-80F2-A756F3495A77}.Release|Any CPU.ActiveCfg = Release|Any CPU
		{0F3A4BF6-B35C-4F85-80F2-A756F3495A77}.Release|Any CPU.Build.0 = Release|Any CPU
		{0F3A4BF6-B35C-4F85-80F2-A756F3495A77}.Release|x86.ActiveCfg = Release|Any CPU
		{0F3A4BF6-B35C-4F85-80F2-A756F3495A77}.Release|x86.Build.0 = Release|Any CPU
		{ADB547EB-33AA-4C07-A493-C80729632A8B}.Debug|Any CPU.ActiveCfg = Debug|Any CPU
		{ADB547EB-33AA-4C07-A493-C80729632A8B}.Debug|Any CPU.Build.0 = Debug|Any CPU
		{ADB547EB-33AA-4C07-A493-C80729632A8B}.Debug|x86.ActiveCfg = Debug|Any CPU
		{ADB547EB-33AA-4C07-A493-C80729632A8B}.Debug|x86.Build.0 = Debug|Any CPU
		{ADB547EB-33AA-4C07-A493-C80729632A8B}.Release|Any CPU.ActiveCfg = Release|Any CPU
		{ADB547EB-33AA-4C07-A493-C80729632A8B}.Release|Any CPU.Build.0 = Release|Any CPU
		{ADB547EB-33AA-4C07-A493-C80729632A8B}.Release|x86.ActiveCfg = Release|Any CPU
		{ADB547EB-33AA-4C07-A493-C80729632A8B}.Release|x86.Build.0 = Release|Any CPU
		{630EEDDE-FE14-4BA9-A2DA-7976F9BEE39A}.Debug|Any CPU.ActiveCfg = Debug|Any CPU
		{630EEDDE-FE14-4BA9-A2DA-7976F9BEE39A}.Debug|Any CPU.Build.0 = Debug|Any CPU
		{630EEDDE-FE14-4BA9-A2DA-7976F9BEE39A}.Debug|x86.ActiveCfg = Debug|Any CPU
		{630EEDDE-FE14-4BA9-A2DA-7976F9BEE39A}.Debug|x86.Build.0 = Debug|Any CPU
		{630EEDDE-FE14-4BA9-A2DA-7976F9BEE39A}.Release|Any CPU.ActiveCfg = Release|Any CPU
		{630EEDDE-FE14-4BA9-A2DA-7976F9BEE39A}.Release|Any CPU.Build.0 = Release|Any CPU
		{630EEDDE-FE14-4BA9-A2DA-7976F9BEE39A}.Release|x86.ActiveCfg = Release|Any CPU
		{630EEDDE-FE14-4BA9-A2DA-7976F9BEE39A}.Release|x86.Build.0 = Release|Any CPU
		{F76E5DBB-5041-44C1-9194-6E92AF51B314}.Debug|Any CPU.ActiveCfg = Debug|Any CPU
		{F76E5DBB-5041-44C1-9194-6E92AF51B314}.Debug|Any CPU.Build.0 = Debug|Any CPU
		{F76E5DBB-5041-44C1-9194-6E92AF51B314}.Debug|x86.ActiveCfg = Debug|Any CPU
		{F76E5DBB-5041-44C1-9194-6E92AF51B314}.Debug|x86.Build.0 = Debug|Any CPU
		{F76E5DBB-5041-44C1-9194-6E92AF51B314}.Release|Any CPU.ActiveCfg = Release|Any CPU
		{F76E5DBB-5041-44C1-9194-6E92AF51B314}.Release|Any CPU.Build.0 = Release|Any CPU
		{F76E5DBB-5041-44C1-9194-6E92AF51B314}.Release|x86.ActiveCfg = Release|Any CPU
		{F76E5DBB-5041-44C1-9194-6E92AF51B314}.Release|x86.Build.0 = Release|Any CPU
		{5BFAF6E1-10AE-483E-B645-423065E414AD}.Debug|Any CPU.ActiveCfg = Debug|Any CPU
		{5BFAF6E1-10AE-483E-B645-423065E414AD}.Debug|Any CPU.Build.0 = Debug|Any CPU
		{5BFAF6E1-10AE-483E-B645-423065E414AD}.Debug|x86.ActiveCfg = Debug|Any CPU
		{5BFAF6E1-10AE-483E-B645-423065E414AD}.Debug|x86.Build.0 = Debug|Any CPU
		{5BFAF6E1-10AE-483E-B645-423065E414AD}.Release|Any CPU.ActiveCfg = Release|Any CPU
		{5BFAF6E1-10AE-483E-B645-423065E414AD}.Release|Any CPU.Build.0 = Release|Any CPU
		{5BFAF6E1-10AE-483E-B645-423065E414AD}.Release|x86.ActiveCfg = Release|Any CPU
		{5BFAF6E1-10AE-483E-B645-423065E414AD}.Release|x86.Build.0 = Release|Any CPU
		{3B414E92-0CCD-4321-95C6-FE0C71BDA0E6}.Debug|Any CPU.ActiveCfg = Debug|Any CPU
		{3B414E92-0CCD-4321-95C6-FE0C71BDA0E6}.Debug|Any CPU.Build.0 = Debug|Any CPU
		{3B414E92-0CCD-4321-95C6-FE0C71BDA0E6}.Debug|x86.ActiveCfg = Debug|Any CPU
		{3B414E92-0CCD-4321-95C6-FE0C71BDA0E6}.Debug|x86.Build.0 = Debug|Any CPU
		{3B414E92-0CCD-4321-95C6-FE0C71BDA0E6}.Release|Any CPU.ActiveCfg = Release|Any CPU
		{3B414E92-0CCD-4321-95C6-FE0C71BDA0E6}.Release|Any CPU.Build.0 = Release|Any CPU
		{3B414E92-0CCD-4321-95C6-FE0C71BDA0E6}.Release|x86.ActiveCfg = Release|Any CPU
		{3B414E92-0CCD-4321-95C6-FE0C71BDA0E6}.Release|x86.Build.0 = Release|Any CPU
		{6CDC2883-ED4A-44F6-98DF-FC003382B2E4}.Debug|Any CPU.ActiveCfg = Debug|Any CPU
		{6CDC2883-ED4A-44F6-98DF-FC003382B2E4}.Debug|Any CPU.Build.0 = Debug|Any CPU
		{6CDC2883-ED4A-44F6-98DF-FC003382B2E4}.Debug|x86.ActiveCfg = Debug|Any CPU
		{6CDC2883-ED4A-44F6-98DF-FC003382B2E4}.Debug|x86.Build.0 = Debug|Any CPU
		{6CDC2883-ED4A-44F6-98DF-FC003382B2E4}.Release|Any CPU.ActiveCfg = Release|Any CPU
		{6CDC2883-ED4A-44F6-98DF-FC003382B2E4}.Release|Any CPU.Build.0 = Release|Any CPU
		{6CDC2883-ED4A-44F6-98DF-FC003382B2E4}.Release|x86.ActiveCfg = Release|Any CPU
		{6CDC2883-ED4A-44F6-98DF-FC003382B2E4}.Release|x86.Build.0 = Release|Any CPU
		{A25F06CB-6E50-4A6B-AB3D-C78DC06E0327}.Debug|Any CPU.ActiveCfg = Debug|Any CPU
		{A25F06CB-6E50-4A6B-AB3D-C78DC06E0327}.Debug|Any CPU.Build.0 = Debug|Any CPU
		{A25F06CB-6E50-4A6B-AB3D-C78DC06E0327}.Debug|x86.ActiveCfg = Debug|Any CPU
		{A25F06CB-6E50-4A6B-AB3D-C78DC06E0327}.Debug|x86.Build.0 = Debug|Any CPU
		{A25F06CB-6E50-4A6B-AB3D-C78DC06E0327}.Release|Any CPU.ActiveCfg = Release|Any CPU
		{A25F06CB-6E50-4A6B-AB3D-C78DC06E0327}.Release|Any CPU.Build.0 = Release|Any CPU
		{A25F06CB-6E50-4A6B-AB3D-C78DC06E0327}.Release|x86.ActiveCfg = Release|Any CPU
		{A25F06CB-6E50-4A6B-AB3D-C78DC06E0327}.Release|x86.Build.0 = Release|Any CPU
		{FF877F85-43B8-4779-A822-A2904ADC1100}.Debug|Any CPU.ActiveCfg = Debug|Any CPU
		{FF877F85-43B8-4779-A822-A2904ADC1100}.Debug|Any CPU.Build.0 = Debug|Any CPU
		{FF877F85-43B8-4779-A822-A2904ADC1100}.Debug|x86.ActiveCfg = Debug|Any CPU
		{FF877F85-43B8-4779-A822-A2904ADC1100}.Debug|x86.Build.0 = Debug|Any CPU
		{FF877F85-43B8-4779-A822-A2904ADC1100}.Release|Any CPU.ActiveCfg = Release|Any CPU
		{FF877F85-43B8-4779-A822-A2904ADC1100}.Release|Any CPU.Build.0 = Release|Any CPU
		{FF877F85-43B8-4779-A822-A2904ADC1100}.Release|x86.ActiveCfg = Release|Any CPU
		{FF877F85-43B8-4779-A822-A2904ADC1100}.Release|x86.Build.0 = Release|Any CPU
		{5F5E3980-00EB-45D1-8C28-8B23CFEB01C9}.Debug|Any CPU.ActiveCfg = Debug|Any CPU
		{5F5E3980-00EB-45D1-8C28-8B23CFEB01C9}.Debug|Any CPU.Build.0 = Debug|Any CPU
		{5F5E3980-00EB-45D1-8C28-8B23CFEB01C9}.Debug|x86.ActiveCfg = Debug|Any CPU
		{5F5E3980-00EB-45D1-8C28-8B23CFEB01C9}.Debug|x86.Build.0 = Debug|Any CPU
		{5F5E3980-00EB-45D1-8C28-8B23CFEB01C9}.Release|Any CPU.ActiveCfg = Release|Any CPU
		{5F5E3980-00EB-45D1-8C28-8B23CFEB01C9}.Release|Any CPU.Build.0 = Release|Any CPU
		{5F5E3980-00EB-45D1-8C28-8B23CFEB01C9}.Release|x86.ActiveCfg = Release|Any CPU
		{5F5E3980-00EB-45D1-8C28-8B23CFEB01C9}.Release|x86.Build.0 = Release|Any CPU
		{81B5A006-AAB3-43B0-B7C1-2E290B87F1BA}.Debug|Any CPU.ActiveCfg = Debug|Any CPU
		{81B5A006-AAB3-43B0-B7C1-2E290B87F1BA}.Debug|Any CPU.Build.0 = Debug|Any CPU
		{81B5A006-AAB3-43B0-B7C1-2E290B87F1BA}.Debug|x86.ActiveCfg = Debug|Any CPU
		{81B5A006-AAB3-43B0-B7C1-2E290B87F1BA}.Debug|x86.Build.0 = Debug|Any CPU
		{81B5A006-AAB3-43B0-B7C1-2E290B87F1BA}.Release|Any CPU.ActiveCfg = Release|Any CPU
		{81B5A006-AAB3-43B0-B7C1-2E290B87F1BA}.Release|Any CPU.Build.0 = Release|Any CPU
		{81B5A006-AAB3-43B0-B7C1-2E290B87F1BA}.Release|x86.ActiveCfg = Release|Any CPU
		{81B5A006-AAB3-43B0-B7C1-2E290B87F1BA}.Release|x86.Build.0 = Release|Any CPU
		{8056D2DD-58E0-4FE8-9FF2-95F11AE8A4AC}.Debug|Any CPU.ActiveCfg = Debug|Any CPU
		{8056D2DD-58E0-4FE8-9FF2-95F11AE8A4AC}.Debug|Any CPU.Build.0 = Debug|Any CPU
		{8056D2DD-58E0-4FE8-9FF2-95F11AE8A4AC}.Debug|x86.ActiveCfg = Debug|Any CPU
		{8056D2DD-58E0-4FE8-9FF2-95F11AE8A4AC}.Debug|x86.Build.0 = Debug|Any CPU
		{8056D2DD-58E0-4FE8-9FF2-95F11AE8A4AC}.Release|Any CPU.ActiveCfg = Release|Any CPU
		{8056D2DD-58E0-4FE8-9FF2-95F11AE8A4AC}.Release|Any CPU.Build.0 = Release|Any CPU
		{8056D2DD-58E0-4FE8-9FF2-95F11AE8A4AC}.Release|x86.ActiveCfg = Release|Any CPU
		{8056D2DD-58E0-4FE8-9FF2-95F11AE8A4AC}.Release|x86.Build.0 = Release|Any CPU
		{61F43078-9C64-4FD0-95DF-73966514AB97}.Debug|Any CPU.ActiveCfg = Debug|Any CPU
		{61F43078-9C64-4FD0-95DF-73966514AB97}.Debug|Any CPU.Build.0 = Debug|Any CPU
		{61F43078-9C64-4FD0-95DF-73966514AB97}.Debug|x86.ActiveCfg = Debug|Any CPU
		{61F43078-9C64-4FD0-95DF-73966514AB97}.Debug|x86.Build.0 = Debug|Any CPU
		{61F43078-9C64-4FD0-95DF-73966514AB97}.Release|Any CPU.ActiveCfg = Release|Any CPU
		{61F43078-9C64-4FD0-95DF-73966514AB97}.Release|Any CPU.Build.0 = Release|Any CPU
		{61F43078-9C64-4FD0-95DF-73966514AB97}.Release|x86.ActiveCfg = Release|Any CPU
		{61F43078-9C64-4FD0-95DF-73966514AB97}.Release|x86.Build.0 = Release|Any CPU
		{FD6E637E-83A1-4B18-B19F-992185034AAB}.Debug|Any CPU.ActiveCfg = Debug|Any CPU
		{FD6E637E-83A1-4B18-B19F-992185034AAB}.Debug|Any CPU.Build.0 = Debug|Any CPU
		{FD6E637E-83A1-4B18-B19F-992185034AAB}.Debug|x86.ActiveCfg = Debug|Any CPU
		{FD6E637E-83A1-4B18-B19F-992185034AAB}.Debug|x86.Build.0 = Debug|Any CPU
		{FD6E637E-83A1-4B18-B19F-992185034AAB}.Release|Any CPU.ActiveCfg = Release|Any CPU
		{FD6E637E-83A1-4B18-B19F-992185034AAB}.Release|Any CPU.Build.0 = Release|Any CPU
		{FD6E637E-83A1-4B18-B19F-992185034AAB}.Release|x86.ActiveCfg = Release|Any CPU
		{FD6E637E-83A1-4B18-B19F-992185034AAB}.Release|x86.Build.0 = Release|Any CPU
		{C606FA94-0B7E-4698-801F-206CA9DA0CEF}.Debug|Any CPU.ActiveCfg = Debug|Any CPU
		{C606FA94-0B7E-4698-801F-206CA9DA0CEF}.Debug|Any CPU.Build.0 = Debug|Any CPU
		{C606FA94-0B7E-4698-801F-206CA9DA0CEF}.Debug|x86.ActiveCfg = Debug|Any CPU
		{C606FA94-0B7E-4698-801F-206CA9DA0CEF}.Debug|x86.Build.0 = Debug|Any CPU
		{C606FA94-0B7E-4698-801F-206CA9DA0CEF}.Release|Any CPU.ActiveCfg = Release|Any CPU
		{C606FA94-0B7E-4698-801F-206CA9DA0CEF}.Release|Any CPU.Build.0 = Release|Any CPU
		{C606FA94-0B7E-4698-801F-206CA9DA0CEF}.Release|x86.ActiveCfg = Release|Any CPU
		{C606FA94-0B7E-4698-801F-206CA9DA0CEF}.Release|x86.Build.0 = Release|Any CPU
		{F1816CFB-73D8-44C9-B045-72FB04919053}.Debug|Any CPU.ActiveCfg = Debug|Any CPU
		{F1816CFB-73D8-44C9-B045-72FB04919053}.Debug|Any CPU.Build.0 = Debug|Any CPU
		{F1816CFB-73D8-44C9-B045-72FB04919053}.Debug|x86.ActiveCfg = Debug|Any CPU
		{F1816CFB-73D8-44C9-B045-72FB04919053}.Debug|x86.Build.0 = Debug|Any CPU
		{F1816CFB-73D8-44C9-B045-72FB04919053}.Release|Any CPU.ActiveCfg = Release|Any CPU
		{F1816CFB-73D8-44C9-B045-72FB04919053}.Release|Any CPU.Build.0 = Release|Any CPU
		{F1816CFB-73D8-44C9-B045-72FB04919053}.Release|x86.ActiveCfg = Release|Any CPU
		{F1816CFB-73D8-44C9-B045-72FB04919053}.Release|x86.Build.0 = Release|Any CPU
		{A30C81CA-A737-4242-A063-00E0F7003FB4}.Debug|Any CPU.ActiveCfg = Debug|Any CPU
		{A30C81CA-A737-4242-A063-00E0F7003FB4}.Debug|Any CPU.Build.0 = Debug|Any CPU
		{A30C81CA-A737-4242-A063-00E0F7003FB4}.Debug|x86.ActiveCfg = Debug|Any CPU
		{A30C81CA-A737-4242-A063-00E0F7003FB4}.Debug|x86.Build.0 = Debug|Any CPU
		{A30C81CA-A737-4242-A063-00E0F7003FB4}.Release|Any CPU.ActiveCfg = Release|Any CPU
		{A30C81CA-A737-4242-A063-00E0F7003FB4}.Release|Any CPU.Build.0 = Release|Any CPU
		{A30C81CA-A737-4242-A063-00E0F7003FB4}.Release|x86.ActiveCfg = Release|Any CPU
		{A30C81CA-A737-4242-A063-00E0F7003FB4}.Release|x86.Build.0 = Release|Any CPU
		{2BC759A0-2E5F-46EF-AA23-555D6475EA6C}.Debug|Any CPU.ActiveCfg = Debug|Any CPU
		{2BC759A0-2E5F-46EF-AA23-555D6475EA6C}.Debug|Any CPU.Build.0 = Debug|Any CPU
		{2BC759A0-2E5F-46EF-AA23-555D6475EA6C}.Debug|x86.ActiveCfg = Debug|Any CPU
		{2BC759A0-2E5F-46EF-AA23-555D6475EA6C}.Debug|x86.Build.0 = Debug|Any CPU
		{2BC759A0-2E5F-46EF-AA23-555D6475EA6C}.Release|Any CPU.ActiveCfg = Release|Any CPU
		{2BC759A0-2E5F-46EF-AA23-555D6475EA6C}.Release|Any CPU.Build.0 = Release|Any CPU
		{2BC759A0-2E5F-46EF-AA23-555D6475EA6C}.Release|x86.ActiveCfg = Release|Any CPU
		{2BC759A0-2E5F-46EF-AA23-555D6475EA6C}.Release|x86.Build.0 = Release|Any CPU
		{9E15A5E6-F812-4E56-BF83-2B5C0D247F96}.Debug|Any CPU.ActiveCfg = Debug|Any CPU
		{9E15A5E6-F812-4E56-BF83-2B5C0D247F96}.Debug|Any CPU.Build.0 = Debug|Any CPU
		{9E15A5E6-F812-4E56-BF83-2B5C0D247F96}.Debug|x86.ActiveCfg = Debug|Any CPU
		{9E15A5E6-F812-4E56-BF83-2B5C0D247F96}.Debug|x86.Build.0 = Debug|Any CPU
		{9E15A5E6-F812-4E56-BF83-2B5C0D247F96}.Release|Any CPU.ActiveCfg = Release|Any CPU
		{9E15A5E6-F812-4E56-BF83-2B5C0D247F96}.Release|Any CPU.Build.0 = Release|Any CPU
		{9E15A5E6-F812-4E56-BF83-2B5C0D247F96}.Release|x86.ActiveCfg = Release|Any CPU
		{9E15A5E6-F812-4E56-BF83-2B5C0D247F96}.Release|x86.Build.0 = Release|Any CPU
		{772623D3-0F1A-4F0C-BECA-3CE5C001E78C}.Debug|Any CPU.ActiveCfg = Debug|Any CPU
		{772623D3-0F1A-4F0C-BECA-3CE5C001E78C}.Debug|Any CPU.Build.0 = Debug|Any CPU
		{772623D3-0F1A-4F0C-BECA-3CE5C001E78C}.Debug|x86.ActiveCfg = Debug|Any CPU
		{772623D3-0F1A-4F0C-BECA-3CE5C001E78C}.Debug|x86.Build.0 = Debug|Any CPU
		{772623D3-0F1A-4F0C-BECA-3CE5C001E78C}.Release|Any CPU.ActiveCfg = Release|Any CPU
		{772623D3-0F1A-4F0C-BECA-3CE5C001E78C}.Release|Any CPU.Build.0 = Release|Any CPU
		{772623D3-0F1A-4F0C-BECA-3CE5C001E78C}.Release|x86.ActiveCfg = Release|Any CPU
		{772623D3-0F1A-4F0C-BECA-3CE5C001E78C}.Release|x86.Build.0 = Release|Any CPU
		{B49AD766-BD4A-4729-B4FC-D83F70661D07}.Debug|Any CPU.ActiveCfg = Debug|Any CPU
		{B49AD766-BD4A-4729-B4FC-D83F70661D07}.Debug|Any CPU.Build.0 = Debug|Any CPU
		{B49AD766-BD4A-4729-B4FC-D83F70661D07}.Debug|x86.ActiveCfg = Debug|Any CPU
		{B49AD766-BD4A-4729-B4FC-D83F70661D07}.Debug|x86.Build.0 = Debug|Any CPU
		{B49AD766-BD4A-4729-B4FC-D83F70661D07}.Release|Any CPU.ActiveCfg = Release|Any CPU
		{B49AD766-BD4A-4729-B4FC-D83F70661D07}.Release|Any CPU.Build.0 = Release|Any CPU
		{B49AD766-BD4A-4729-B4FC-D83F70661D07}.Release|x86.ActiveCfg = Release|Any CPU
		{B49AD766-BD4A-4729-B4FC-D83F70661D07}.Release|x86.Build.0 = Release|Any CPU
		{7FE244D8-06C9-4B0E-B2E5-7E92AC14E48D}.Debug|Any CPU.ActiveCfg = Debug|Any CPU
		{7FE244D8-06C9-4B0E-B2E5-7E92AC14E48D}.Debug|Any CPU.Build.0 = Debug|Any CPU
		{7FE244D8-06C9-4B0E-B2E5-7E92AC14E48D}.Debug|x86.ActiveCfg = Debug|Any CPU
		{7FE244D8-06C9-4B0E-B2E5-7E92AC14E48D}.Debug|x86.Build.0 = Debug|Any CPU
		{7FE244D8-06C9-4B0E-B2E5-7E92AC14E48D}.Release|Any CPU.ActiveCfg = Release|Any CPU
		{7FE244D8-06C9-4B0E-B2E5-7E92AC14E48D}.Release|Any CPU.Build.0 = Release|Any CPU
		{7FE244D8-06C9-4B0E-B2E5-7E92AC14E48D}.Release|x86.ActiveCfg = Release|Any CPU
		{7FE244D8-06C9-4B0E-B2E5-7E92AC14E48D}.Release|x86.Build.0 = Release|Any CPU
		{E9310A9C-14AB-4C55-83B9-83FE13E1EC3B}.Debug|Any CPU.ActiveCfg = Debug|Any CPU
		{E9310A9C-14AB-4C55-83B9-83FE13E1EC3B}.Debug|Any CPU.Build.0 = Debug|Any CPU
		{E9310A9C-14AB-4C55-83B9-83FE13E1EC3B}.Debug|x86.ActiveCfg = Debug|Any CPU
		{E9310A9C-14AB-4C55-83B9-83FE13E1EC3B}.Debug|x86.Build.0 = Debug|Any CPU
		{E9310A9C-14AB-4C55-83B9-83FE13E1EC3B}.Release|Any CPU.ActiveCfg = Release|Any CPU
		{E9310A9C-14AB-4C55-83B9-83FE13E1EC3B}.Release|Any CPU.Build.0 = Release|Any CPU
		{E9310A9C-14AB-4C55-83B9-83FE13E1EC3B}.Release|x86.ActiveCfg = Release|Any CPU
		{E9310A9C-14AB-4C55-83B9-83FE13E1EC3B}.Release|x86.Build.0 = Release|Any CPU
		{73947502-8419-482B-BBE6-651B2A170221}.Debug|Any CPU.ActiveCfg = Debug|Any CPU
		{73947502-8419-482B-BBE6-651B2A170221}.Debug|Any CPU.Build.0 = Debug|Any CPU
		{73947502-8419-482B-BBE6-651B2A170221}.Debug|x86.ActiveCfg = Debug|Any CPU
		{73947502-8419-482B-BBE6-651B2A170221}.Debug|x86.Build.0 = Debug|Any CPU
		{73947502-8419-482B-BBE6-651B2A170221}.Release|Any CPU.ActiveCfg = Release|Any CPU
		{73947502-8419-482B-BBE6-651B2A170221}.Release|Any CPU.Build.0 = Release|Any CPU
		{73947502-8419-482B-BBE6-651B2A170221}.Release|x86.ActiveCfg = Release|Any CPU
		{73947502-8419-482B-BBE6-651B2A170221}.Release|x86.Build.0 = Release|Any CPU
		{14B0EE9A-3568-49E1-A675-7E4F65A4C7A1}.Debug|Any CPU.ActiveCfg = Debug|Any CPU
		{14B0EE9A-3568-49E1-A675-7E4F65A4C7A1}.Debug|Any CPU.Build.0 = Debug|Any CPU
		{14B0EE9A-3568-49E1-A675-7E4F65A4C7A1}.Debug|x86.ActiveCfg = Debug|Any CPU
		{14B0EE9A-3568-49E1-A675-7E4F65A4C7A1}.Debug|x86.Build.0 = Debug|Any CPU
		{14B0EE9A-3568-49E1-A675-7E4F65A4C7A1}.Release|Any CPU.ActiveCfg = Release|Any CPU
		{14B0EE9A-3568-49E1-A675-7E4F65A4C7A1}.Release|Any CPU.Build.0 = Release|Any CPU
		{14B0EE9A-3568-49E1-A675-7E4F65A4C7A1}.Release|x86.ActiveCfg = Release|Any CPU
		{14B0EE9A-3568-49E1-A675-7E4F65A4C7A1}.Release|x86.Build.0 = Release|Any CPU
		{2D4B4631-562D-44C3-902A-2FA932753140}.Debug|Any CPU.ActiveCfg = Debug|Any CPU
		{2D4B4631-562D-44C3-902A-2FA932753140}.Debug|Any CPU.Build.0 = Debug|Any CPU
		{2D4B4631-562D-44C3-902A-2FA932753140}.Debug|x86.ActiveCfg = Debug|Any CPU
		{2D4B4631-562D-44C3-902A-2FA932753140}.Debug|x86.Build.0 = Debug|Any CPU
		{2D4B4631-562D-44C3-902A-2FA932753140}.Release|Any CPU.ActiveCfg = Release|Any CPU
		{2D4B4631-562D-44C3-902A-2FA932753140}.Release|Any CPU.Build.0 = Release|Any CPU
		{2D4B4631-562D-44C3-902A-2FA932753140}.Release|x86.ActiveCfg = Release|Any CPU
		{2D4B4631-562D-44C3-902A-2FA932753140}.Release|x86.Build.0 = Release|Any CPU
		{A591274A-2626-4FA6-8C9C-BBAC6586EF07}.Debug|Any CPU.ActiveCfg = Debug|Any CPU
		{A591274A-2626-4FA6-8C9C-BBAC6586EF07}.Debug|Any CPU.Build.0 = Debug|Any CPU
		{A591274A-2626-4FA6-8C9C-BBAC6586EF07}.Debug|x86.ActiveCfg = Debug|Any CPU
		{A591274A-2626-4FA6-8C9C-BBAC6586EF07}.Debug|x86.Build.0 = Debug|Any CPU
		{A591274A-2626-4FA6-8C9C-BBAC6586EF07}.Release|Any CPU.ActiveCfg = Release|Any CPU
		{A591274A-2626-4FA6-8C9C-BBAC6586EF07}.Release|Any CPU.Build.0 = Release|Any CPU
		{A591274A-2626-4FA6-8C9C-BBAC6586EF07}.Release|x86.ActiveCfg = Release|Any CPU
		{A591274A-2626-4FA6-8C9C-BBAC6586EF07}.Release|x86.Build.0 = Release|Any CPU
		{C362FA9E-DF8D-49B0-A86A-64661ECDBA9E}.Debug|Any CPU.ActiveCfg = Debug|Any CPU
		{C362FA9E-DF8D-49B0-A86A-64661ECDBA9E}.Debug|Any CPU.Build.0 = Debug|Any CPU
		{C362FA9E-DF8D-49B0-A86A-64661ECDBA9E}.Debug|x86.ActiveCfg = Debug|Any CPU
		{C362FA9E-DF8D-49B0-A86A-64661ECDBA9E}.Debug|x86.Build.0 = Debug|Any CPU
		{C362FA9E-DF8D-49B0-A86A-64661ECDBA9E}.Release|Any CPU.ActiveCfg = Release|Any CPU
		{C362FA9E-DF8D-49B0-A86A-64661ECDBA9E}.Release|Any CPU.Build.0 = Release|Any CPU
		{C362FA9E-DF8D-49B0-A86A-64661ECDBA9E}.Release|x86.ActiveCfg = Release|Any CPU
		{C362FA9E-DF8D-49B0-A86A-64661ECDBA9E}.Release|x86.Build.0 = Release|Any CPU
		{26E60C8C-35EA-494E-8317-3B2BB09A9216}.Debug|Any CPU.ActiveCfg = Debug|Any CPU
		{26E60C8C-35EA-494E-8317-3B2BB09A9216}.Debug|Any CPU.Build.0 = Debug|Any CPU
		{26E60C8C-35EA-494E-8317-3B2BB09A9216}.Debug|x86.ActiveCfg = Debug|Any CPU
		{26E60C8C-35EA-494E-8317-3B2BB09A9216}.Debug|x86.Build.0 = Debug|Any CPU
		{26E60C8C-35EA-494E-8317-3B2BB09A9216}.Release|Any CPU.ActiveCfg = Release|Any CPU
		{26E60C8C-35EA-494E-8317-3B2BB09A9216}.Release|Any CPU.Build.0 = Release|Any CPU
		{26E60C8C-35EA-494E-8317-3B2BB09A9216}.Release|x86.ActiveCfg = Release|Any CPU
		{26E60C8C-35EA-494E-8317-3B2BB09A9216}.Release|x86.Build.0 = Release|Any CPU
	EndGlobalSection
	GlobalSection(SolutionProperties) = preSolution
		HideSolutionNode = FALSE
	EndGlobalSection
	GlobalSection(NestedProjects) = preSolution
		{FD6E637E-83A1-4B18-B19F-992185034AAB} = {C29E3A73-0B49-480B-8263-D3A48ABFE665}
		{9EBAAAF2-7C59-46AE-B7B9-69722F8044C4} = {68AEA7B5-A438-4196-BB56-CD0A1E70478B}
		{C29E3A73-0B49-480B-8263-D3A48ABFE665} = {9EBAAAF2-7C59-46AE-B7B9-69722F8044C4}
		{F1816CFB-73D8-44C9-B045-72FB04919053} = {C29E3A73-0B49-480B-8263-D3A48ABFE665}
		{A30C81CA-A737-4242-A063-00E0F7003FB4} = {C29E3A73-0B49-480B-8263-D3A48ABFE665}
		{2BC759A0-2E5F-46EF-AA23-555D6475EA6C} = {68982F7F-C03C-43FC-9AE6-4444784300AD}
		{68982F7F-C03C-43FC-9AE6-4444784300AD} = {68AEA7B5-A438-4196-BB56-CD0A1E70478B}
		{9E15A5E6-F812-4E56-BF83-2B5C0D247F96} = {C29E3A73-0B49-480B-8263-D3A48ABFE665}
		{772623D3-0F1A-4F0C-BECA-3CE5C001E78C} = {68982F7F-C03C-43FC-9AE6-4444784300AD}
		{B49AD766-BD4A-4729-B4FC-D83F70661D07} = {68982F7F-C03C-43FC-9AE6-4444784300AD}
		{73947502-8419-482B-BBE6-651B2A170221} = {68AEA7B5-A438-4196-BB56-CD0A1E70478B}
		{EF80FF17-E9FB-44FF-BF2C-824612CBF15D} = {68AEA7B5-A438-4196-BB56-CD0A1E70478B}
		{EC860D1A-0A00-42F8-9790-291A22817C26} = {EF80FF17-E9FB-44FF-BF2C-824612CBF15D}
		{076DAE1B-436F-4EA9-9EA6-6D7B6B946101} = {EC860D1A-0A00-42F8-9790-291A22817C26}
		{2D4B4631-562D-44C3-902A-2FA932753140} = {076DAE1B-436F-4EA9-9EA6-6D7B6B946101}
		{138B1DBE-B890-44E6-A881-641AE158F54B} = {68AEA7B5-A438-4196-BB56-CD0A1E70478B}
		{8F36E485-02DA-4915-B635-48BC69099B7C} = {138B1DBE-B890-44E6-A881-641AE158F54B}
		{A591274A-2626-4FA6-8C9C-BBAC6586EF07} = {8F36E485-02DA-4915-B635-48BC69099B7C}
		{C362FA9E-DF8D-49B0-A86A-64661ECDBA9E} = {5242D79B-B6B8-4E15-A475-B55E0B98F75E}
		{5301CE9E-3AD8-44A5-85FF-5DDA4A0480A8} = {68AEA7B5-A438-4196-BB56-CD0A1E70478B}
		{5242D79B-B6B8-4E15-A475-B55E0B98F75E} = {5301CE9E-3AD8-44A5-85FF-5DDA4A0480A8}
		{26E60C8C-35EA-494E-8317-3B2BB09A9216} = {5242D79B-B6B8-4E15-A475-B55E0B98F75E}
	EndGlobalSection
	GlobalSection(ExtensibilityGlobals) = postSolution
		SolutionGuid = {71D1BAB0-0FB3-4200-A013-A7CEE7708890}
	EndGlobalSection
EndGlobal
