
Microsoft Visual Studio Solution File, Format Version 12.00
# Visual Studio Version 16
VisualStudioVersion = 16.0.30320.27
MinimumVisualStudioVersion = 10.0.40219.1
Project("{FAE04EC0-301F-11D3-BF4B-00C04F79EFBC}") = "ASMC", "ASMC\ASMC.csproj", "{0F3A4BF6-B35C-4F85-80F2-A756F3495A77}"
EndProject
Project("{FAE04EC0-301F-11D3-BF4B-00C04F79EFBC}") = "ASMC.Core", "ASMC.Core\ASMC.Core.csproj", "{ADB547EB-33AA-4C07-A493-C80729632A8B}"
EndProject
Project("{FAE04EC0-301F-11D3-BF4B-00C04F79EFBC}") = "AP.Reports", "AP.Reports\AP.Reports.csproj", "{630EEDDE-FE14-4BA9-A2DA-7976F9BEE39A}"
EndProject
Project("{FAE04EC0-301F-11D3-BF4B-00C04F79EFBC}") = "ASMC.Data.Model", "ASMC.Data.Model\ASMC.Data.Model.csproj", "{F76E5DBB-5041-44C1-9194-6E92AF51B314}"
EndProject
Project("{FAE04EC0-301F-11D3-BF4B-00C04F79EFBC}") = "AP.Checkout", "AP.Checkout\AP.Checkout.csproj", "{5BFAF6E1-10AE-483E-B645-423065E414AD}"
EndProject
Project("{FAE04EC0-301F-11D3-BF4B-00C04F79EFBC}") = "AP.Math", "AP.Math\AP.Math.csproj", "{3B414E92-0CCD-4321-95C6-FE0C71BDA0E6}"
EndProject
Project("{FAE04EC0-301F-11D3-BF4B-00C04F79EFBC}") = "AP.Math.Processing", "AP.Math.Processing\AP.Math.Processing.csproj", "{6CDC2883-ED4A-44F6-98DF-FC003382B2E4}"
EndProject
Project("{FAE04EC0-301F-11D3-BF4B-00C04F79EFBC}") = "ASMC.MVision", "ASMC.MVision\ASMC.MVision.csproj", "{A25F06CB-6E50-4A6B-AB3D-C78DC06E0327}"
EndProject
Project("{FAE04EC0-301F-11D3-BF4B-00C04F79EFBC}") = "AP.Utils", "AP.Utils\AP.Utils.csproj", "{FF877F85-43B8-4779-A822-A2904ADC1100}"
EndProject
Project("{FAE04EC0-301F-11D3-BF4B-00C04F79EFBC}") = "ASMC.Data.UnitTest", "ASMC.Data.UnitTest\ASMC.Data.UnitTest.csproj", "{5F5E3980-00EB-45D1-8C28-8B23CFEB01C9}"
EndProject
Project("{FAE04EC0-301F-11D3-BF4B-00C04F79EFBC}") = "AP.Barcoder", "AP.Barcoder\AP.Barcoder.csproj", "{81B5A006-AAB3-43B0-B7C1-2E290B87F1BA}"
EndProject
Project("{FAE04EC0-301F-11D3-BF4B-00C04F79EFBC}") = "ASMC.Interpreter", "ASMC.Interpreter\ASMC.Interpreter.csproj", "{8056D2DD-58E0-4FE8-9FF2-95F11AE8A4AC}"
EndProject
Project("{FAE04EC0-301F-11D3-BF4B-00C04F79EFBC}") = "UnitTest.ASMC.Interpreter", "UnitTest.ASMC.Interpreter\UnitTest.ASMC.Interpreter.csproj", "{61F43078-9C64-4FD0-95DF-73966514AB97}"
EndProject
Project("{2150E333-8FDC-42A3-9474-1A3956D46DE8}") = "Plugins", "Plugins", "{68AEA7B5-A438-4196-BB56-CD0A1E70478B}"
EndProject
Project("{FAE04EC0-301F-11D3-BF4B-00C04F79EFBC}") = "B5-71-1-PRO", "Plugins\B5-71-1-PRO\B5-71-1-PRO.csproj", "{FD6E637E-83A1-4B18-B19F-992185034AAB}"
EndProject
Project("{2150E333-8FDC-42A3-9474-1A3956D46DE8}") = "B5-71-PRO", "B5-71-PRO", "{9EBAAAF2-7C59-46AE-B7B9-69722F8044C4}"
EndProject
Project("{2150E333-8FDC-42A3-9474-1A3956D46DE8}") = "42467_09", "42467_09", "{C29E3A73-0B49-480B-8263-D3A48ABFE665}"
EndProject
Project("{FAE04EC0-301F-11D3-BF4B-00C04F79EFBC}") = "ASMC.Devices", "ASMC.Devices\ASMC.Devices.csproj", "{C606FA94-0B7E-4698-801F-206CA9DA0CEF}"
EndProject
Project("{FAE04EC0-301F-11D3-BF4B-00C04F79EFBC}") = "B5-71-2-PRO", "Plugins\B5-71-2-PRO\B5-71-2-PRO.csproj", "{F1816CFB-73D8-44C9-B045-72FB04919053}"
EndProject
Project("{FAE04EC0-301F-11D3-BF4B-00C04F79EFBC}") = "B5-71-4-PRO", "Plugins\B5-71-4-PRO\B5-71-4-PRO.csproj", "{A30C81CA-A737-4242-A063-00E0F7003FB4}"
EndProject
Project("{FAE04EC0-301F-11D3-BF4B-00C04F79EFBC}") = "APPA-107N-109NBasePlugin", "Plugins\APPA\APPA-107N-109N\APPA-107N-109NBasePlugin.csproj", "{2BC759A0-2E5F-46EF-AA23-555D6475EA6C}"
EndProject
Project("{2150E333-8FDC-42A3-9474-1A3956D46DE8}") = "APPA", "APPA", "{68982F7F-C03C-43FC-9AE6-4444784300AD}"
EndProject
Project("{FAE04EC0-301F-11D3-BF4B-00C04F79EFBC}") = "B5-71-PRO_Abstract", "Plugins\B5-71-PRO_Abstract\B5-71-PRO_Abstract.csproj", "{9E15A5E6-F812-4E56-BF83-2B5C0D247F96}"
EndProject
Project("{FAE04EC0-301F-11D3-BF4B-00C04F79EFBC}") = "Appa107N", "Plugins\APPA\Appa107N\Appa107N.csproj", "{772623D3-0F1A-4F0C-BECA-3CE5C001E78C}"
EndProject
Project("{FAE04EC0-301F-11D3-BF4B-00C04F79EFBC}") = "Appa109N", "Plugins\APPA\Appa109N\Appa109N.csproj", "{B49AD766-BD4A-4729-B4FC-D83F70661D07}"
EndProject
Project("{FAE04EC0-301F-11D3-BF4B-00C04F79EFBC}") = "ASMC.Common", "ASMC.Common\ASMC.Common.csproj", "{7FE244D8-06C9-4B0E-B2E5-7E92AC14E48D}"
EndProject
Project("{FAE04EC0-301F-11D3-BF4B-00C04F79EFBC}") = "ASMC.Devices.UInterface", "ASMC.Devices.UInterface\ASMC.Devices.UInterface.csproj", "{E9310A9C-14AB-4C55-83B9-83FE13E1EC3B}"
EndProject
Project("{FAE04EC0-301F-11D3-BF4B-00C04F79EFBC}") = "Test", "Plugins\Test\Test.csproj", "{73947502-8419-482B-BBE6-651B2A170221}"
EndProject
Project("{2150E333-8FDC-42A3-9474-1A3956D46DE8}") = "Keysight", "Keysight", "{35CE0EAD-FBBE-46B7-AA77-6E8D1688AEEC}"
EndProject
Project("{2150E333-8FDC-42A3-9474-1A3956D46DE8}") = "TDS", "TDS", "{FA18DEE6-CBF6-4130-9EE3-A69A1CB56B12}"
EndProject
Project("{2150E333-8FDC-42A3-9474-1A3956D46DE8}") = "TDS101", "TDS101", "{FA9A484B-2AC9-4819-8B64-4E35EAAC4513}"
EndProject
Project("{2150E333-8FDC-42A3-9474-1A3956D46DE8}") = "TDS200", "TDS200", "{2D7C66AA-74FF-40A8-9726-816BE2205FFD}"
EndProject
Project("{2150E333-8FDC-42A3-9474-1A3956D46DE8}") = "TDS201", "TDS201", "{C7D8D1C3-E74E-409C-A27F-87636A7CFE3C}"
EndProject
Project("{2150E333-8FDC-42A3-9474-1A3956D46DE8}") = "TDS202", "TDS202", "{D7BFF72B-4D3C-405C-B166-161CFAE38B27}"
EndProject
Global
	GlobalSection(SolutionConfigurationPlatforms) = preSolution
		Debug|Any CPU = Debug|Any CPU
		Debug|x86 = Debug|x86
		Release|Any CPU = Release|Any CPU
		Release|x86 = Release|x86
	EndGlobalSection
	GlobalSection(ProjectConfigurationPlatforms) = postSolution
		{0F3A4BF6-B35C-4F85-80F2-A756F3495A77}.Debug|Any CPU.ActiveCfg = Debug|Any CPU
		{0F3A4BF6-B35C-4F85-80F2-A756F3495A77}.Debug|Any CPU.Build.0 = Debug|Any CPU
		{0F3A4BF6-B35C-4F85-80F2-A756F3495A77}.Debug|x86.ActiveCfg = Debug|Any CPU
		{0F3A4BF6-B35C-4F85-80F2-A756F3495A77}.Debug|x86.Build.0 = Debug|Any CPU
		{0F3A4BF6-B35C-4F85-80F2-A756F3495A77}.Release|Any CPU.ActiveCfg = Release|Any CPU
		{0F3A4BF6-B35C-4F85-80F2-A756F3495A77}.Release|Any CPU.Build.0 = Release|Any CPU
		{0F3A4BF6-B35C-4F85-80F2-A756F3495A77}.Release|x86.ActiveCfg = Release|Any CPU
		{0F3A4BF6-B35C-4F85-80F2-A756F3495A77}.Release|x86.Build.0 = Release|Any CPU
		{ADB547EB-33AA-4C07-A493-C80729632A8B}.Debug|Any CPU.ActiveCfg = Debug|Any CPU
		{ADB547EB-33AA-4C07-A493-C80729632A8B}.Debug|Any CPU.Build.0 = Debug|Any CPU
		{ADB547EB-33AA-4C07-A493-C80729632A8B}.Debug|x86.ActiveCfg = Debug|Any CPU
		{ADB547EB-33AA-4C07-A493-C80729632A8B}.Debug|x86.Build.0 = Debug|Any CPU
		{ADB547EB-33AA-4C07-A493-C80729632A8B}.Release|Any CPU.ActiveCfg = Release|Any CPU
		{ADB547EB-33AA-4C07-A493-C80729632A8B}.Release|Any CPU.Build.0 = Release|Any CPU
		{ADB547EB-33AA-4C07-A493-C80729632A8B}.Release|x86.ActiveCfg = Release|Any CPU
		{ADB547EB-33AA-4C07-A493-C80729632A8B}.Release|x86.Build.0 = Release|Any CPU
		{630EEDDE-FE14-4BA9-A2DA-7976F9BEE39A}.Debug|Any CPU.ActiveCfg = Debug|Any CPU
		{630EEDDE-FE14-4BA9-A2DA-7976F9BEE39A}.Debug|Any CPU.Build.0 = Debug|Any CPU
		{630EEDDE-FE14-4BA9-A2DA-7976F9BEE39A}.Debug|x86.ActiveCfg = Debug|Any CPU
		{630EEDDE-FE14-4BA9-A2DA-7976F9BEE39A}.Debug|x86.Build.0 = Debug|Any CPU
		{630EEDDE-FE14-4BA9-A2DA-7976F9BEE39A}.Release|Any CPU.ActiveCfg = Release|Any CPU
		{630EEDDE-FE14-4BA9-A2DA-7976F9BEE39A}.Release|Any CPU.Build.0 = Release|Any CPU
		{630EEDDE-FE14-4BA9-A2DA-7976F9BEE39A}.Release|x86.ActiveCfg = Release|Any CPU
		{630EEDDE-FE14-4BA9-A2DA-7976F9BEE39A}.Release|x86.Build.0 = Release|Any CPU
		{F76E5DBB-5041-44C1-9194-6E92AF51B314}.Debug|Any CPU.ActiveCfg = Debug|Any CPU
		{F76E5DBB-5041-44C1-9194-6E92AF51B314}.Debug|Any CPU.Build.0 = Debug|Any CPU
		{F76E5DBB-5041-44C1-9194-6E92AF51B314}.Debug|x86.ActiveCfg = Debug|Any CPU
		{F76E5DBB-5041-44C1-9194-6E92AF51B314}.Debug|x86.Build.0 = Debug|Any CPU
		{F76E5DBB-5041-44C1-9194-6E92AF51B314}.Release|Any CPU.ActiveCfg = Release|Any CPU
		{F76E5DBB-5041-44C1-9194-6E92AF51B314}.Release|Any CPU.Build.0 = Release|Any CPU
		{F76E5DBB-5041-44C1-9194-6E92AF51B314}.Release|x86.ActiveCfg = Release|Any CPU
		{F76E5DBB-5041-44C1-9194-6E92AF51B314}.Release|x86.Build.0 = Release|Any CPU
		{5BFAF6E1-10AE-483E-B645-423065E414AD}.Debug|Any CPU.ActiveCfg = Debug|Any CPU
		{5BFAF6E1-10AE-483E-B645-423065E414AD}.Debug|Any CPU.Build.0 = Debug|Any CPU
		{5BFAF6E1-10AE-483E-B645-423065E414AD}.Debug|x86.ActiveCfg = Debug|Any CPU
		{5BFAF6E1-10AE-483E-B645-423065E414AD}.Debug|x86.Build.0 = Debug|Any CPU
		{5BFAF6E1-10AE-483E-B645-423065E414AD}.Release|Any CPU.ActiveCfg = Release|Any CPU
		{5BFAF6E1-10AE-483E-B645-423065E414AD}.Release|Any CPU.Build.0 = Release|Any CPU
		{5BFAF6E1-10AE-483E-B645-423065E414AD}.Release|x86.ActiveCfg = Release|Any CPU
		{5BFAF6E1-10AE-483E-B645-423065E414AD}.Release|x86.Build.0 = Release|Any CPU
		{3B414E92-0CCD-4321-95C6-FE0C71BDA0E6}.Debug|Any CPU.ActiveCfg = Debug|Any CPU
		{3B414E92-0CCD-4321-95C6-FE0C71BDA0E6}.Debug|Any CPU.Build.0 = Debug|Any CPU
		{3B414E92-0CCD-4321-95C6-FE0C71BDA0E6}.Debug|x86.ActiveCfg = Debug|Any CPU
		{3B414E92-0CCD-4321-95C6-FE0C71BDA0E6}.Debug|x86.Build.0 = Debug|Any CPU
		{3B414E92-0CCD-4321-95C6-FE0C71BDA0E6}.Release|Any CPU.ActiveCfg = Release|Any CPU
		{3B414E92-0CCD-4321-95C6-FE0C71BDA0E6}.Release|Any CPU.Build.0 = Release|Any CPU
		{3B414E92-0CCD-4321-95C6-FE0C71BDA0E6}.Release|x86.ActiveCfg = Release|Any CPU
		{3B414E92-0CCD-4321-95C6-FE0C71BDA0E6}.Release|x86.Build.0 = Release|Any CPU
		{6CDC2883-ED4A-44F6-98DF-FC003382B2E4}.Debug|Any CPU.ActiveCfg = Debug|Any CPU
		{6CDC2883-ED4A-44F6-98DF-FC003382B2E4}.Debug|Any CPU.Build.0 = Debug|Any CPU
		{6CDC2883-ED4A-44F6-98DF-FC003382B2E4}.Debug|x86.ActiveCfg = Debug|Any CPU
		{6CDC2883-ED4A-44F6-98DF-FC003382B2E4}.Debug|x86.Build.0 = Debug|Any CPU
		{6CDC2883-ED4A-44F6-98DF-FC003382B2E4}.Release|Any CPU.ActiveCfg = Release|Any CPU
		{6CDC2883-ED4A-44F6-98DF-FC003382B2E4}.Release|Any CPU.Build.0 = Release|Any CPU
		{6CDC2883-ED4A-44F6-98DF-FC003382B2E4}.Release|x86.ActiveCfg = Release|Any CPU
		{6CDC2883-ED4A-44F6-98DF-FC003382B2E4}.Release|x86.Build.0 = Release|Any CPU
		{A25F06CB-6E50-4A6B-AB3D-C78DC06E0327}.Debug|Any CPU.ActiveCfg = Debug|Any CPU
		{A25F06CB-6E50-4A6B-AB3D-C78DC06E0327}.Debug|Any CPU.Build.0 = Debug|Any CPU
		{A25F06CB-6E50-4A6B-AB3D-C78DC06E0327}.Debug|x86.ActiveCfg = Debug|Any CPU
		{A25F06CB-6E50-4A6B-AB3D-C78DC06E0327}.Debug|x86.Build.0 = Debug|Any CPU
		{A25F06CB-6E50-4A6B-AB3D-C78DC06E0327}.Release|Any CPU.ActiveCfg = Release|Any CPU
		{A25F06CB-6E50-4A6B-AB3D-C78DC06E0327}.Release|Any CPU.Build.0 = Release|Any CPU
		{A25F06CB-6E50-4A6B-AB3D-C78DC06E0327}.Release|x86.ActiveCfg = Release|Any CPU
		{A25F06CB-6E50-4A6B-AB3D-C78DC06E0327}.Release|x86.Build.0 = Release|Any CPU
		{FF877F85-43B8-4779-A822-A2904ADC1100}.Debug|Any CPU.ActiveCfg = Debug|Any CPU
		{FF877F85-43B8-4779-A822-A2904ADC1100}.Debug|Any CPU.Build.0 = Debug|Any CPU
		{FF877F85-43B8-4779-A822-A2904ADC1100}.Debug|x86.ActiveCfg = Debug|Any CPU
		{FF877F85-43B8-4779-A822-A2904ADC1100}.Debug|x86.Build.0 = Debug|Any CPU
		{FF877F85-43B8-4779-A822-A2904ADC1100}.Release|Any CPU.ActiveCfg = Release|Any CPU
		{FF877F85-43B8-4779-A822-A2904ADC1100}.Release|Any CPU.Build.0 = Release|Any CPU
		{FF877F85-43B8-4779-A822-A2904ADC1100}.Release|x86.ActiveCfg = Release|Any CPU
		{FF877F85-43B8-4779-A822-A2904ADC1100}.Release|x86.Build.0 = Release|Any CPU
		{5F5E3980-00EB-45D1-8C28-8B23CFEB01C9}.Debug|Any CPU.ActiveCfg = Debug|Any CPU
		{5F5E3980-00EB-45D1-8C28-8B23CFEB01C9}.Debug|Any CPU.Build.0 = Debug|Any CPU
		{5F5E3980-00EB-45D1-8C28-8B23CFEB01C9}.Debug|x86.ActiveCfg = Debug|Any CPU
		{5F5E3980-00EB-45D1-8C28-8B23CFEB01C9}.Debug|x86.Build.0 = Debug|Any CPU
		{5F5E3980-00EB-45D1-8C28-8B23CFEB01C9}.Release|Any CPU.ActiveCfg = Release|Any CPU
		{5F5E3980-00EB-45D1-8C28-8B23CFEB01C9}.Release|Any CPU.Build.0 = Release|Any CPU
		{5F5E3980-00EB-45D1-8C28-8B23CFEB01C9}.Release|x86.ActiveCfg = Release|Any CPU
		{5F5E3980-00EB-45D1-8C28-8B23CFEB01C9}.Release|x86.Build.0 = Release|Any CPU
		{81B5A006-AAB3-43B0-B7C1-2E290B87F1BA}.Debug|Any CPU.ActiveCfg = Debug|Any CPU
		{81B5A006-AAB3-43B0-B7C1-2E290B87F1BA}.Debug|Any CPU.Build.0 = Debug|Any CPU
		{81B5A006-AAB3-43B0-B7C1-2E290B87F1BA}.Debug|x86.ActiveCfg = Debug|Any CPU
		{81B5A006-AAB3-43B0-B7C1-2E290B87F1BA}.Debug|x86.Build.0 = Debug|Any CPU
		{81B5A006-AAB3-43B0-B7C1-2E290B87F1BA}.Release|Any CPU.ActiveCfg = Release|Any CPU
		{81B5A006-AAB3-43B0-B7C1-2E290B87F1BA}.Release|Any CPU.Build.0 = Release|Any CPU
		{81B5A006-AAB3-43B0-B7C1-2E290B87F1BA}.Release|x86.ActiveCfg = Release|Any CPU
		{81B5A006-AAB3-43B0-B7C1-2E290B87F1BA}.Release|x86.Build.0 = Release|Any CPU
		{8056D2DD-58E0-4FE8-9FF2-95F11AE8A4AC}.Debug|Any CPU.ActiveCfg = Debug|Any CPU
		{8056D2DD-58E0-4FE8-9FF2-95F11AE8A4AC}.Debug|Any CPU.Build.0 = Debug|Any CPU
		{8056D2DD-58E0-4FE8-9FF2-95F11AE8A4AC}.Debug|x86.ActiveCfg = Debug|Any CPU
		{8056D2DD-58E0-4FE8-9FF2-95F11AE8A4AC}.Debug|x86.Build.0 = Debug|Any CPU
		{8056D2DD-58E0-4FE8-9FF2-95F11AE8A4AC}.Release|Any CPU.ActiveCfg = Release|Any CPU
		{8056D2DD-58E0-4FE8-9FF2-95F11AE8A4AC}.Release|Any CPU.Build.0 = Release|Any CPU
		{8056D2DD-58E0-4FE8-9FF2-95F11AE8A4AC}.Release|x86.ActiveCfg = Release|Any CPU
		{8056D2DD-58E0-4FE8-9FF2-95F11AE8A4AC}.Release|x86.Build.0 = Release|Any CPU
		{61F43078-9C64-4FD0-95DF-73966514AB97}.Debug|Any CPU.ActiveCfg = Debug|Any CPU
		{61F43078-9C64-4FD0-95DF-73966514AB97}.Debug|Any CPU.Build.0 = Debug|Any CPU
		{61F43078-9C64-4FD0-95DF-73966514AB97}.Debug|x86.ActiveCfg = Debug|Any CPU
		{61F43078-9C64-4FD0-95DF-73966514AB97}.Debug|x86.Build.0 = Debug|Any CPU
		{61F43078-9C64-4FD0-95DF-73966514AB97}.Release|Any CPU.ActiveCfg = Release|Any CPU
		{61F43078-9C64-4FD0-95DF-73966514AB97}.Release|Any CPU.Build.0 = Release|Any CPU
		{61F43078-9C64-4FD0-95DF-73966514AB97}.Release|x86.ActiveCfg = Release|Any CPU
		{61F43078-9C64-4FD0-95DF-73966514AB97}.Release|x86.Build.0 = Release|Any CPU
		{FD6E637E-83A1-4B18-B19F-992185034AAB}.Debug|Any CPU.ActiveCfg = Debug|Any CPU
		{FD6E637E-83A1-4B18-B19F-992185034AAB}.Debug|Any CPU.Build.0 = Debug|Any CPU
		{FD6E637E-83A1-4B18-B19F-992185034AAB}.Debug|x86.ActiveCfg = Debug|Any CPU
		{FD6E637E-83A1-4B18-B19F-992185034AAB}.Debug|x86.Build.0 = Debug|Any CPU
		{FD6E637E-83A1-4B18-B19F-992185034AAB}.Release|Any CPU.ActiveCfg = Release|Any CPU
		{FD6E637E-83A1-4B18-B19F-992185034AAB}.Release|Any CPU.Build.0 = Release|Any CPU
		{FD6E637E-83A1-4B18-B19F-992185034AAB}.Release|x86.ActiveCfg = Release|Any CPU
		{FD6E637E-83A1-4B18-B19F-992185034AAB}.Release|x86.Build.0 = Release|Any CPU
		{C606FA94-0B7E-4698-801F-206CA9DA0CEF}.Debug|Any CPU.ActiveCfg = Debug|Any CPU
		{C606FA94-0B7E-4698-801F-206CA9DA0CEF}.Debug|Any CPU.Build.0 = Debug|Any CPU
		{C606FA94-0B7E-4698-801F-206CA9DA0CEF}.Debug|x86.ActiveCfg = Debug|Any CPU
		{C606FA94-0B7E-4698-801F-206CA9DA0CEF}.Debug|x86.Build.0 = Debug|Any CPU
		{C606FA94-0B7E-4698-801F-206CA9DA0CEF}.Release|Any CPU.ActiveCfg = Release|Any CPU
		{C606FA94-0B7E-4698-801F-206CA9DA0CEF}.Release|Any CPU.Build.0 = Release|Any CPU
		{C606FA94-0B7E-4698-801F-206CA9DA0CEF}.Release|x86.ActiveCfg = Release|Any CPU
		{C606FA94-0B7E-4698-801F-206CA9DA0CEF}.Release|x86.Build.0 = Release|Any CPU
		{F1816CFB-73D8-44C9-B045-72FB04919053}.Debug|Any CPU.ActiveCfg = Debug|Any CPU
		{F1816CFB-73D8-44C9-B045-72FB04919053}.Debug|Any CPU.Build.0 = Debug|Any CPU
		{F1816CFB-73D8-44C9-B045-72FB04919053}.Debug|x86.ActiveCfg = Debug|Any CPU
		{F1816CFB-73D8-44C9-B045-72FB04919053}.Debug|x86.Build.0 = Debug|Any CPU
		{F1816CFB-73D8-44C9-B045-72FB04919053}.Release|Any CPU.ActiveCfg = Release|Any CPU
		{F1816CFB-73D8-44C9-B045-72FB04919053}.Release|Any CPU.Build.0 = Release|Any CPU
		{F1816CFB-73D8-44C9-B045-72FB04919053}.Release|x86.ActiveCfg = Release|Any CPU
		{F1816CFB-73D8-44C9-B045-72FB04919053}.Release|x86.Build.0 = Release|Any CPU
		{A30C81CA-A737-4242-A063-00E0F7003FB4}.Debug|Any CPU.ActiveCfg = Debug|Any CPU
		{A30C81CA-A737-4242-A063-00E0F7003FB4}.Debug|Any CPU.Build.0 = Debug|Any CPU
		{A30C81CA-A737-4242-A063-00E0F7003FB4}.Debug|x86.ActiveCfg = Debug|Any CPU
		{A30C81CA-A737-4242-A063-00E0F7003FB4}.Debug|x86.Build.0 = Debug|Any CPU
		{A30C81CA-A737-4242-A063-00E0F7003FB4}.Release|Any CPU.ActiveCfg = Release|Any CPU
		{A30C81CA-A737-4242-A063-00E0F7003FB4}.Release|Any CPU.Build.0 = Release|Any CPU
		{A30C81CA-A737-4242-A063-00E0F7003FB4}.Release|x86.ActiveCfg = Release|Any CPU
		{A30C81CA-A737-4242-A063-00E0F7003FB4}.Release|x86.Build.0 = Release|Any CPU
		{2BC759A0-2E5F-46EF-AA23-555D6475EA6C}.Debug|Any CPU.ActiveCfg = Debug|Any CPU
		{2BC759A0-2E5F-46EF-AA23-555D6475EA6C}.Debug|Any CPU.Build.0 = Debug|Any CPU
		{2BC759A0-2E5F-46EF-AA23-555D6475EA6C}.Debug|x86.ActiveCfg = Debug|Any CPU
		{2BC759A0-2E5F-46EF-AA23-555D6475EA6C}.Debug|x86.Build.0 = Debug|Any CPU
		{2BC759A0-2E5F-46EF-AA23-555D6475EA6C}.Release|Any CPU.ActiveCfg = Release|Any CPU
		{2BC759A0-2E5F-46EF-AA23-555D6475EA6C}.Release|Any CPU.Build.0 = Release|Any CPU
		{2BC759A0-2E5F-46EF-AA23-555D6475EA6C}.Release|x86.ActiveCfg = Release|Any CPU
		{2BC759A0-2E5F-46EF-AA23-555D6475EA6C}.Release|x86.Build.0 = Release|Any CPU
		{9E15A5E6-F812-4E56-BF83-2B5C0D247F96}.Debug|Any CPU.ActiveCfg = Debug|Any CPU
		{9E15A5E6-F812-4E56-BF83-2B5C0D247F96}.Debug|Any CPU.Build.0 = Debug|Any CPU
		{9E15A5E6-F812-4E56-BF83-2B5C0D247F96}.Debug|x86.ActiveCfg = Debug|Any CPU
		{9E15A5E6-F812-4E56-BF83-2B5C0D247F96}.Debug|x86.Build.0 = Debug|Any CPU
		{9E15A5E6-F812-4E56-BF83-2B5C0D247F96}.Release|Any CPU.ActiveCfg = Release|Any CPU
		{9E15A5E6-F812-4E56-BF83-2B5C0D247F96}.Release|Any CPU.Build.0 = Release|Any CPU
		{9E15A5E6-F812-4E56-BF83-2B5C0D247F96}.Release|x86.ActiveCfg = Release|Any CPU
		{9E15A5E6-F812-4E56-BF83-2B5C0D247F96}.Release|x86.Build.0 = Release|Any CPU
		{772623D3-0F1A-4F0C-BECA-3CE5C001E78C}.Debug|Any CPU.ActiveCfg = Debug|Any CPU
		{772623D3-0F1A-4F0C-BECA-3CE5C001E78C}.Debug|Any CPU.Build.0 = Debug|Any CPU
		{772623D3-0F1A-4F0C-BECA-3CE5C001E78C}.Debug|x86.ActiveCfg = Debug|Any CPU
		{772623D3-0F1A-4F0C-BECA-3CE5C001E78C}.Debug|x86.Build.0 = Debug|Any CPU
		{772623D3-0F1A-4F0C-BECA-3CE5C001E78C}.Release|Any CPU.ActiveCfg = Release|Any CPU
		{772623D3-0F1A-4F0C-BECA-3CE5C001E78C}.Release|Any CPU.Build.0 = Release|Any CPU
		{772623D3-0F1A-4F0C-BECA-3CE5C001E78C}.Release|x86.ActiveCfg = Release|Any CPU
		{772623D3-0F1A-4F0C-BECA-3CE5C001E78C}.Release|x86.Build.0 = Release|Any CPU
		{B49AD766-BD4A-4729-B4FC-D83F70661D07}.Debug|Any CPU.ActiveCfg = Debug|Any CPU
		{B49AD766-BD4A-4729-B4FC-D83F70661D07}.Debug|Any CPU.Build.0 = Debug|Any CPU
		{B49AD766-BD4A-4729-B4FC-D83F70661D07}.Debug|x86.ActiveCfg = Debug|Any CPU
		{B49AD766-BD4A-4729-B4FC-D83F70661D07}.Debug|x86.Build.0 = Debug|Any CPU
		{B49AD766-BD4A-4729-B4FC-D83F70661D07}.Release|Any CPU.ActiveCfg = Release|Any CPU
		{B49AD766-BD4A-4729-B4FC-D83F70661D07}.Release|Any CPU.Build.0 = Release|Any CPU
		{B49AD766-BD4A-4729-B4FC-D83F70661D07}.Release|x86.ActiveCfg = Release|Any CPU
		{B49AD766-BD4A-4729-B4FC-D83F70661D07}.Release|x86.Build.0 = Release|Any CPU
		{7FE244D8-06C9-4B0E-B2E5-7E92AC14E48D}.Debug|Any CPU.ActiveCfg = Debug|Any CPU
		{7FE244D8-06C9-4B0E-B2E5-7E92AC14E48D}.Debug|Any CPU.Build.0 = Debug|Any CPU
		{7FE244D8-06C9-4B0E-B2E5-7E92AC14E48D}.Debug|x86.ActiveCfg = Debug|Any CPU
		{7FE244D8-06C9-4B0E-B2E5-7E92AC14E48D}.Debug|x86.Build.0 = Debug|Any CPU
		{7FE244D8-06C9-4B0E-B2E5-7E92AC14E48D}.Release|Any CPU.ActiveCfg = Release|Any CPU
		{7FE244D8-06C9-4B0E-B2E5-7E92AC14E48D}.Release|Any CPU.Build.0 = Release|Any CPU
		{7FE244D8-06C9-4B0E-B2E5-7E92AC14E48D}.Release|x86.ActiveCfg = Release|Any CPU
		{7FE244D8-06C9-4B0E-B2E5-7E92AC14E48D}.Release|x86.Build.0 = Release|Any CPU
		{E9310A9C-14AB-4C55-83B9-83FE13E1EC3B}.Debug|Any CPU.ActiveCfg = Debug|Any CPU
		{E9310A9C-14AB-4C55-83B9-83FE13E1EC3B}.Debug|Any CPU.Build.0 = Debug|Any CPU
		{E9310A9C-14AB-4C55-83B9-83FE13E1EC3B}.Debug|x86.ActiveCfg = Debug|Any CPU
		{E9310A9C-14AB-4C55-83B9-83FE13E1EC3B}.Debug|x86.Build.0 = Debug|Any CPU
		{E9310A9C-14AB-4C55-83B9-83FE13E1EC3B}.Release|Any CPU.ActiveCfg = Release|Any CPU
		{E9310A9C-14AB-4C55-83B9-83FE13E1EC3B}.Release|Any CPU.Build.0 = Release|Any CPU
		{E9310A9C-14AB-4C55-83B9-83FE13E1EC3B}.Release|x86.ActiveCfg = Release|Any CPU
		{E9310A9C-14AB-4C55-83B9-83FE13E1EC3B}.Release|x86.Build.0 = Release|Any CPU
		{73947502-8419-482B-BBE6-651B2A170221}.Debug|Any CPU.ActiveCfg = Debug|Any CPU
		{73947502-8419-482B-BBE6-651B2A170221}.Debug|Any CPU.Build.0 = Debug|Any CPU
		{73947502-8419-482B-BBE6-651B2A170221}.Debug|x86.ActiveCfg = Debug|Any CPU
		{73947502-8419-482B-BBE6-651B2A170221}.Debug|x86.Build.0 = Debug|Any CPU
		{73947502-8419-482B-BBE6-651B2A170221}.Release|Any CPU.ActiveCfg = Release|Any CPU
		{73947502-8419-482B-BBE6-651B2A170221}.Release|Any CPU.Build.0 = Release|Any CPU
		{73947502-8419-482B-BBE6-651B2A170221}.Release|x86.ActiveCfg = Release|Any CPU
		{73947502-8419-482B-BBE6-651B2A170221}.Release|x86.Build.0 = Release|Any CPU
	EndGlobalSection
	GlobalSection(SolutionProperties) = preSolution
		HideSolutionNode = FALSE
	EndGlobalSection
	GlobalSection(NestedProjects) = preSolution
		{FD6E637E-83A1-4B18-B19F-992185034AAB} = {C29E3A73-0B49-480B-8263-D3A48ABFE665}
		{9EBAAAF2-7C59-46AE-B7B9-69722F8044C4} = {68AEA7B5-A438-4196-BB56-CD0A1E70478B}
		{C29E3A73-0B49-480B-8263-D3A48ABFE665} = {9EBAAAF2-7C59-46AE-B7B9-69722F8044C4}
		{F1816CFB-73D8-44C9-B045-72FB04919053} = {C29E3A73-0B49-480B-8263-D3A48ABFE665}
		{A30C81CA-A737-4242-A063-00E0F7003FB4} = {C29E3A73-0B49-480B-8263-D3A48ABFE665}
		{2BC759A0-2E5F-46EF-AA23-555D6475EA6C} = {68982F7F-C03C-43FC-9AE6-4444784300AD}
		{68982F7F-C03C-43FC-9AE6-4444784300AD} = {68AEA7B5-A438-4196-BB56-CD0A1E70478B}
		{9E15A5E6-F812-4E56-BF83-2B5C0D247F96} = {C29E3A73-0B49-480B-8263-D3A48ABFE665}
		{772623D3-0F1A-4F0C-BECA-3CE5C001E78C} = {68982F7F-C03C-43FC-9AE6-4444784300AD}
		{B49AD766-BD4A-4729-B4FC-D83F70661D07} = {68982F7F-C03C-43FC-9AE6-4444784300AD}
		{73947502-8419-482B-BBE6-651B2A170221} = {68AEA7B5-A438-4196-BB56-CD0A1E70478B}
		{35CE0EAD-FBBE-46B7-AA77-6E8D1688AEEC} = {68AEA7B5-A438-4196-BB56-CD0A1E70478B}
		{FA18DEE6-CBF6-4130-9EE3-A69A1CB56B12} = {35CE0EAD-FBBE-46B7-AA77-6E8D1688AEEC}
		{FA9A484B-2AC9-4819-8B64-4E35EAAC4513} = {FA18DEE6-CBF6-4130-9EE3-A69A1CB56B12}
		{2D7C66AA-74FF-40A8-9726-816BE2205FFD} = {FA18DEE6-CBF6-4130-9EE3-A69A1CB56B12}
		{C7D8D1C3-E74E-409C-A27F-87636A7CFE3C} = {FA18DEE6-CBF6-4130-9EE3-A69A1CB56B12}
		{D7BFF72B-4D3C-405C-B166-161CFAE38B27} = {FA18DEE6-CBF6-4130-9EE3-A69A1CB56B12}
	EndGlobalSection
	GlobalSection(ExtensibilityGlobals) = postSolution
		SolutionGuid = {71D1BAB0-0FB3-4200-A013-A7CEE7708890}
	EndGlobalSection
EndGlobal
