
Microsoft Visual Studio Solution File, Format Version 12.00
# Visual Studio Version 16
VisualStudioVersion = 16.0.30320.27
MinimumVisualStudioVersion = 10.0.40219.1
Project("{FAE04EC0-301F-11D3-BF4B-00C04F79EFBC}") = "ASMC", "ASMC\ASMC.csproj", "{0F3A4BF6-B35C-4F85-80F2-A756F3495A77}"
EndProject
Project("{FAE04EC0-301F-11D3-BF4B-00C04F79EFBC}") = "ASMC.Core", "ASMC.Core\ASMC.Core.csproj", "{ADB547EB-33AA-4C07-A493-C80729632A8B}"
EndProject
Project("{FAE04EC0-301F-11D3-BF4B-00C04F79EFBC}") = "AP.Reports", "AP.Reports\AP.Reports.csproj", "{630EEDDE-FE14-4BA9-A2DA-7976F9BEE39A}"
EndProject
Project("{FAE04EC0-301F-11D3-BF4B-00C04F79EFBC}") = "ASMC.Data.Model", "ASMC.Data.Model\ASMC.Data.Model.csproj", "{F76E5DBB-5041-44C1-9194-6E92AF51B314}"
EndProject
Project("{FAE04EC0-301F-11D3-BF4B-00C04F79EFBC}") = "AP.Checkout", "AP.Checkout\AP.Checkout.csproj", "{5BFAF6E1-10AE-483E-B645-423065E414AD}"
EndProject
Project("{FAE04EC0-301F-11D3-BF4B-00C04F79EFBC}") = "AP.Math", "AP.Math\AP.Math.csproj", "{3B414E92-0CCD-4321-95C6-FE0C71BDA0E6}"
EndProject
Project("{FAE04EC0-301F-11D3-BF4B-00C04F79EFBC}") = "AP.Math.Processing", "AP.Math.Processing\AP.Math.Processing.csproj", "{6CDC2883-ED4A-44F6-98DF-FC003382B2E4}"
EndProject
Project("{FAE04EC0-301F-11D3-BF4B-00C04F79EFBC}") = "ASMC.MVision", "ASMC.MVision\ASMC.MVision.csproj", "{A25F06CB-6E50-4A6B-AB3D-C78DC06E0327}"
EndProject
Project("{FAE04EC0-301F-11D3-BF4B-00C04F79EFBC}") = "AP.Utils", "AP.Utils\AP.Utils.csproj", "{FF877F85-43B8-4779-A822-A2904ADC1100}"
EndProject
Project("{FAE04EC0-301F-11D3-BF4B-00C04F79EFBC}") = "ASMC.Data.UnitTest", "ASMC.Data.UnitTest\ASMC.Data.UnitTest.csproj", "{5F5E3980-00EB-45D1-8C28-8B23CFEB01C9}"
EndProject
Project("{FAE04EC0-301F-11D3-BF4B-00C04F79EFBC}") = "AP.Barcoder", "AP.Barcoder\AP.Barcoder.csproj", "{81B5A006-AAB3-43B0-B7C1-2E290B87F1BA}"
EndProject
Project("{FAE04EC0-301F-11D3-BF4B-00C04F79EFBC}") = "ASMC.Interpreter", "ASMC.Interpreter\ASMC.Interpreter.csproj", "{8056D2DD-58E0-4FE8-9FF2-95F11AE8A4AC}"
EndProject
Project("{2150E333-8FDC-42A3-9474-1A3956D46DE8}") = "Plugins", "Plugins", "{68AEA7B5-A438-4196-BB56-CD0A1E70478B}"
EndProject
Project("{2150E333-8FDC-42A3-9474-1A3956D46DE8}") = "B5-71-PRO", "B5-71-PRO", "{9EBAAAF2-7C59-46AE-B7B9-69722F8044C4}"
EndProject
Project("{2150E333-8FDC-42A3-9474-1A3956D46DE8}") = "42467_09", "42467_09", "{C29E3A73-0B49-480B-8263-D3A48ABFE665}"
EndProject
Project("{FAE04EC0-301F-11D3-BF4B-00C04F79EFBC}") = "ASMC.Devices", "ASMC.Devices\ASMC.Devices.csproj", "{C606FA94-0B7E-4698-801F-206CA9DA0CEF}"
EndProject
Project("{FAE04EC0-301F-11D3-BF4B-00C04F79EFBC}") = "APPA-107N-109NBasePlugin", "Plugins\APPA\APPA-107N-109N\APPA-107N-109NBasePlugin.csproj", "{2BC759A0-2E5F-46EF-AA23-555D6475EA6C}"
EndProject
Project("{2150E333-8FDC-42A3-9474-1A3956D46DE8}") = "APPA", "APPA", "{68982F7F-C03C-43FC-9AE6-4444784300AD}"
EndProject
Project("{FAE04EC0-301F-11D3-BF4B-00C04F79EFBC}") = "B5-71-PRO_Abstract", "Plugins\B5-71-PRO_Abstract\B5-71-PRO_Abstract.csproj", "{9E15A5E6-F812-4E56-BF83-2B5C0D247F96}"
EndProject
Project("{FAE04EC0-301F-11D3-BF4B-00C04F79EFBC}") = "ASMC.Common", "ASMC.Common\ASMC.Common.csproj", "{7FE244D8-06C9-4B0E-B2E5-7E92AC14E48D}"
EndProject
Project("{FAE04EC0-301F-11D3-BF4B-00C04F79EFBC}") = "ASMC.Devices.UInterface", "ASMC.Devices.UInterface\ASMC.Devices.UInterface.csproj", "{E9310A9C-14AB-4C55-83B9-83FE13E1EC3B}"
EndProject
Project("{FAE04EC0-301F-11D3-BF4B-00C04F79EFBC}") = "AP.Themes", "AP.Themes\AP.Themes.csproj", "{14B0EE9A-3568-49E1-A675-7E4F65A4C7A1}"
EndProject
Project("{2150E333-8FDC-42A3-9474-1A3956D46DE8}") = "Keysight", "Keysight", "{EF80FF17-E9FB-44FF-BF2C-824612CBF15D}"
EndProject
Project("{2150E333-8FDC-42A3-9474-1A3956D46DE8}") = "DialIndicator", "DialIndicator", "{138B1DBE-B890-44E6-A881-641AE158F54B}"
EndProject
Project("{2150E333-8FDC-42A3-9474-1A3956D46DE8}") = "mp2192_92", "mp2192_92", "{8F36E485-02DA-4915-B635-48BC69099B7C}"
EndProject
Project("{FAE04EC0-301F-11D3-BF4B-00C04F79EFBC}") = "DialIndicator", "Plugins\DialIndicator\49310_12\Indicator_10\WpfControlLibrary1\DialIndicator.csproj", "{A591274A-2626-4FA6-8C9C-BBAC6586EF07}"
EndProject
Project("{FAE04EC0-301F-11D3-BF4B-00C04F79EFBC}") = "TDS_BasePlugin", "Plugins\Tektronix\TDS_BasePlugin\TDS_BasePlugin.csproj", "{C362FA9E-DF8D-49B0-A86A-64661ECDBA9E}"
EndProject
Project("{2150E333-8FDC-42A3-9474-1A3956D46DE8}") = "Tektronix", "Tektronix", "{5301CE9E-3AD8-44A5-85FF-5DDA4A0480A8}"
EndProject
Project("{2150E333-8FDC-42A3-9474-1A3956D46DE8}") = "TDS", "TDS", "{5242D79B-B6B8-4E15-A475-B55E0B98F75E}"
EndProject
Project("{2150E333-8FDC-42A3-9474-1A3956D46DE8}") = "N8975A", "N8975A", "{CB9D083D-0F3B-4331-85C9-36E266473C21}"
EndProject
Project("{FAE04EC0-301F-11D3-BF4B-00C04F79EFBC}") = "N8957APlugin", "Plugins\Keysight\N8975A\N8957APlugin\N8957APlugin.csproj", "{C4E6A477-6BE4-4DFF-8141-5912BC41B3F2}"
EndProject
Project("{FAE04EC0-301F-11D3-BF4B-00C04F79EFBC}") = "AP.Extension", "AP.Extension\AP.Extension.csproj", "{7208342F-BF11-4241-B032-30F196CE1A6C}"
EndProject
Project("{2150E333-8FDC-42A3-9474-1A3956D46DE8}") = "OWEN", "OWEN", "{371CC2DC-955B-4D62-B6CE-60CD66404742}"
EndProject
Project("{FAE04EC0-301F-11D3-BF4B-00C04F79EFBC}") = "OWEN_TRM202", "Plugins\OWEN\TRM202\OWEN_TRM202\OWEN_TRM202.csproj", "{608175E1-DC7C-4E81-A17B-CDCC7AD09B5D}"
EndProject
Project("{2150E333-8FDC-42A3-9474-1A3956D46DE8}") = "E364xAPlugin", "E364xAPlugin", "{3C7BC4B9-DBEA-47D1-9B3F-D0A1E2645523}"
EndProject
Project("{FAE04EC0-301F-11D3-BF4B-00C04F79EFBC}") = "E364xAPlugin", "Plugins\Keysight\E364xAPlugin\E364xAPlugin\E364xAPlugin.csproj", "{30551274-9C04-480C-8239-138C487A3C6D}"
EndProject
Project("{2150E333-8FDC-42A3-9474-1A3956D46DE8}") = "Akip", "Akip", "{4F7820AB-69E2-4CDC-9906-D04072CB3312}"
EndProject
Project("{FAE04EC0-301F-11D3-BF4B-00C04F79EFBC}") = "FrequencyCounter", "Plugins\Akip\FrequencyCounter\FrequencyCounter.csproj", "{DE9A68B5-3CF1-48A6-9143-7F382A0E1B9D}"
EndProject
Project("{FAE04EC0-301F-11D3-BF4B-00C04F79EFBC}") = "E363xAPlugin", "Plugins\Keysight\E363xAPlugin\E363xAPlugin.csproj", "{F4F089BB-8186-4620-BFFB-0DFD96A70CF6}"
EndProject
Project("{2150E333-8FDC-42A3-9474-1A3956D46DE8}") = "LoverToothedIndicator", "LoverToothedIndicator", "{15D48E1B-5DAD-4553-A887-952AD7CED0CE}"
EndProject
Project("{FAE04EC0-301F-11D3-BF4B-00C04F79EFBC}") = "LoverToothedIndicator1928_88", "Plugins\LoverToothedIndicator\LoverToothedIndicator\LoverToothedIndicator1928_88.csproj", "{233C4CFF-9E05-499A-A85B-DF46104FB22A}"
EndProject
Project("{2150E333-8FDC-42A3-9474-1A3956D46DE8}") = "HarbinMeasuringCuttingToolGroupCo", "HarbinMeasuringCuttingToolGroupCo", "{1E30A608-08C2-4972-873B-677239BEE20C}"
EndProject
Project("{FAE04EC0-301F-11D3-BF4B-00C04F79EFBC}") = "DialIndicatorSeries801", "Plugins\DialIndicator\HarbinMeasuringCuttingToolGroupCo\DialIndicatorSeries801\DialIndicatorSeries801.csproj", "{22A25714-30A6-423F-9F28-5B247056B584}"
EndProject
Project("{2150E333-8FDC-42A3-9474-1A3956D46DE8}") = "34401A", "34401A", "{D6C10049-2618-426D-B35D-0833B805983D}"
EndProject
Project("{FAE04EC0-301F-11D3-BF4B-00C04F79EFBC}") = "Multimetr34401A", "Plugins\Keysight\34401A\Multimetr34401A\Multimetr34401A.csproj", "{10D8648E-A68B-444C-96D8-FDBA2511D8A3}"
EndProject
Global
	GlobalSection(SolutionConfigurationPlatforms) = preSolution
		Debug|Any CPU = Debug|Any CPU
		Debug|x86 = Debug|x86
		Release|Any CPU = Release|Any CPU
		Release|x86 = Release|x86
	EndGlobalSection
	GlobalSection(ProjectConfigurationPlatforms) = postSolution
		{0F3A4BF6-B35C-4F85-80F2-A756F3495A77}.Debug|Any CPU.ActiveCfg = Debug|Any CPU
		{0F3A4BF6-B35C-4F85-80F2-A756F3495A77}.Debug|Any CPU.Build.0 = Debug|Any CPU
		{0F3A4BF6-B35C-4F85-80F2-A756F3495A77}.Debug|x86.ActiveCfg = Debug|Any CPU
		{0F3A4BF6-B35C-4F85-80F2-A756F3495A77}.Debug|x86.Build.0 = Debug|Any CPU
		{0F3A4BF6-B35C-4F85-80F2-A756F3495A77}.Release|Any CPU.ActiveCfg = Release|Any CPU
		{0F3A4BF6-B35C-4F85-80F2-A756F3495A77}.Release|Any CPU.Build.0 = Release|Any CPU
		{0F3A4BF6-B35C-4F85-80F2-A756F3495A77}.Release|x86.ActiveCfg = Release|Any CPU
		{0F3A4BF6-B35C-4F85-80F2-A756F3495A77}.Release|x86.Build.0 = Release|Any CPU
		{ADB547EB-33AA-4C07-A493-C80729632A8B}.Debug|Any CPU.ActiveCfg = Debug|Any CPU
		{ADB547EB-33AA-4C07-A493-C80729632A8B}.Debug|Any CPU.Build.0 = Debug|Any CPU
		{ADB547EB-33AA-4C07-A493-C80729632A8B}.Debug|x86.ActiveCfg = Debug|Any CPU
		{ADB547EB-33AA-4C07-A493-C80729632A8B}.Debug|x86.Build.0 = Debug|Any CPU
		{ADB547EB-33AA-4C07-A493-C80729632A8B}.Release|Any CPU.ActiveCfg = Release|Any CPU
		{ADB547EB-33AA-4C07-A493-C80729632A8B}.Release|Any CPU.Build.0 = Release|Any CPU
		{ADB547EB-33AA-4C07-A493-C80729632A8B}.Release|x86.ActiveCfg = Release|Any CPU
		{ADB547EB-33AA-4C07-A493-C80729632A8B}.Release|x86.Build.0 = Release|Any CPU
		{630EEDDE-FE14-4BA9-A2DA-7976F9BEE39A}.Debug|Any CPU.ActiveCfg = Debug|Any CPU
		{630EEDDE-FE14-4BA9-A2DA-7976F9BEE39A}.Debug|Any CPU.Build.0 = Debug|Any CPU
		{630EEDDE-FE14-4BA9-A2DA-7976F9BEE39A}.Debug|x86.ActiveCfg = Debug|Any CPU
		{630EEDDE-FE14-4BA9-A2DA-7976F9BEE39A}.Debug|x86.Build.0 = Debug|Any CPU
		{630EEDDE-FE14-4BA9-A2DA-7976F9BEE39A}.Release|Any CPU.ActiveCfg = Release|Any CPU
		{630EEDDE-FE14-4BA9-A2DA-7976F9BEE39A}.Release|Any CPU.Build.0 = Release|Any CPU
		{630EEDDE-FE14-4BA9-A2DA-7976F9BEE39A}.Release|x86.ActiveCfg = Release|Any CPU
		{630EEDDE-FE14-4BA9-A2DA-7976F9BEE39A}.Release|x86.Build.0 = Release|Any CPU
		{F76E5DBB-5041-44C1-9194-6E92AF51B314}.Debug|Any CPU.ActiveCfg = Debug|Any CPU
		{F76E5DBB-5041-44C1-9194-6E92AF51B314}.Debug|Any CPU.Build.0 = Debug|Any CPU
		{F76E5DBB-5041-44C1-9194-6E92AF51B314}.Debug|x86.ActiveCfg = Debug|Any CPU
		{F76E5DBB-5041-44C1-9194-6E92AF51B314}.Debug|x86.Build.0 = Debug|Any CPU
		{F76E5DBB-5041-44C1-9194-6E92AF51B314}.Release|Any CPU.ActiveCfg = Release|Any CPU
		{F76E5DBB-5041-44C1-9194-6E92AF51B314}.Release|Any CPU.Build.0 = Release|Any CPU
		{F76E5DBB-5041-44C1-9194-6E92AF51B314}.Release|x86.ActiveCfg = Release|Any CPU
		{F76E5DBB-5041-44C1-9194-6E92AF51B314}.Release|x86.Build.0 = Release|Any CPU
		{5BFAF6E1-10AE-483E-B645-423065E414AD}.Debug|Any CPU.ActiveCfg = Debug|Any CPU
		{5BFAF6E1-10AE-483E-B645-423065E414AD}.Debug|Any CPU.Build.0 = Debug|Any CPU
		{5BFAF6E1-10AE-483E-B645-423065E414AD}.Debug|x86.ActiveCfg = Debug|Any CPU
		{5BFAF6E1-10AE-483E-B645-423065E414AD}.Debug|x86.Build.0 = Debug|Any CPU
		{5BFAF6E1-10AE-483E-B645-423065E414AD}.Release|Any CPU.ActiveCfg = Release|Any CPU
		{5BFAF6E1-10AE-483E-B645-423065E414AD}.Release|Any CPU.Build.0 = Release|Any CPU
		{5BFAF6E1-10AE-483E-B645-423065E414AD}.Release|x86.ActiveCfg = Release|Any CPU
		{5BFAF6E1-10AE-483E-B645-423065E414AD}.Release|x86.Build.0 = Release|Any CPU
		{3B414E92-0CCD-4321-95C6-FE0C71BDA0E6}.Debug|Any CPU.ActiveCfg = Debug|Any CPU
		{3B414E92-0CCD-4321-95C6-FE0C71BDA0E6}.Debug|Any CPU.Build.0 = Debug|Any CPU
		{3B414E92-0CCD-4321-95C6-FE0C71BDA0E6}.Debug|x86.ActiveCfg = Debug|Any CPU
		{3B414E92-0CCD-4321-95C6-FE0C71BDA0E6}.Debug|x86.Build.0 = Debug|Any CPU
		{3B414E92-0CCD-4321-95C6-FE0C71BDA0E6}.Release|Any CPU.ActiveCfg = Release|Any CPU
		{3B414E92-0CCD-4321-95C6-FE0C71BDA0E6}.Release|Any CPU.Build.0 = Release|Any CPU
		{3B414E92-0CCD-4321-95C6-FE0C71BDA0E6}.Release|x86.ActiveCfg = Release|Any CPU
		{3B414E92-0CCD-4321-95C6-FE0C71BDA0E6}.Release|x86.Build.0 = Release|Any CPU
		{6CDC2883-ED4A-44F6-98DF-FC003382B2E4}.Debug|Any CPU.ActiveCfg = Debug|Any CPU
		{6CDC2883-ED4A-44F6-98DF-FC003382B2E4}.Debug|Any CPU.Build.0 = Debug|Any CPU
		{6CDC2883-ED4A-44F6-98DF-FC003382B2E4}.Debug|x86.ActiveCfg = Debug|Any CPU
		{6CDC2883-ED4A-44F6-98DF-FC003382B2E4}.Debug|x86.Build.0 = Debug|Any CPU
		{6CDC2883-ED4A-44F6-98DF-FC003382B2E4}.Release|Any CPU.ActiveCfg = Release|Any CPU
		{6CDC2883-ED4A-44F6-98DF-FC003382B2E4}.Release|Any CPU.Build.0 = Release|Any CPU
		{6CDC2883-ED4A-44F6-98DF-FC003382B2E4}.Release|x86.ActiveCfg = Release|Any CPU
		{6CDC2883-ED4A-44F6-98DF-FC003382B2E4}.Release|x86.Build.0 = Release|Any CPU
		{A25F06CB-6E50-4A6B-AB3D-C78DC06E0327}.Debug|Any CPU.ActiveCfg = Debug|Any CPU
		{A25F06CB-6E50-4A6B-AB3D-C78DC06E0327}.Debug|Any CPU.Build.0 = Debug|Any CPU
		{A25F06CB-6E50-4A6B-AB3D-C78DC06E0327}.Debug|x86.ActiveCfg = Debug|Any CPU
		{A25F06CB-6E50-4A6B-AB3D-C78DC06E0327}.Debug|x86.Build.0 = Debug|Any CPU
		{A25F06CB-6E50-4A6B-AB3D-C78DC06E0327}.Release|Any CPU.ActiveCfg = Release|Any CPU
		{A25F06CB-6E50-4A6B-AB3D-C78DC06E0327}.Release|Any CPU.Build.0 = Release|Any CPU
		{A25F06CB-6E50-4A6B-AB3D-C78DC06E0327}.Release|x86.ActiveCfg = Release|Any CPU
		{A25F06CB-6E50-4A6B-AB3D-C78DC06E0327}.Release|x86.Build.0 = Release|Any CPU
		{FF877F85-43B8-4779-A822-A2904ADC1100}.Debug|Any CPU.ActiveCfg = Debug|Any CPU
		{FF877F85-43B8-4779-A822-A2904ADC1100}.Debug|Any CPU.Build.0 = Debug|Any CPU
		{FF877F85-43B8-4779-A822-A2904ADC1100}.Debug|x86.ActiveCfg = Debug|Any CPU
		{FF877F85-43B8-4779-A822-A2904ADC1100}.Debug|x86.Build.0 = Debug|Any CPU
		{FF877F85-43B8-4779-A822-A2904ADC1100}.Release|Any CPU.ActiveCfg = Release|Any CPU
		{FF877F85-43B8-4779-A822-A2904ADC1100}.Release|Any CPU.Build.0 = Release|Any CPU
		{FF877F85-43B8-4779-A822-A2904ADC1100}.Release|x86.ActiveCfg = Release|Any CPU
		{FF877F85-43B8-4779-A822-A2904ADC1100}.Release|x86.Build.0 = Release|Any CPU
		{5F5E3980-00EB-45D1-8C28-8B23CFEB01C9}.Debug|Any CPU.ActiveCfg = Debug|Any CPU
		{5F5E3980-00EB-45D1-8C28-8B23CFEB01C9}.Debug|Any CPU.Build.0 = Debug|Any CPU
		{5F5E3980-00EB-45D1-8C28-8B23CFEB01C9}.Debug|x86.ActiveCfg = Debug|Any CPU
		{5F5E3980-00EB-45D1-8C28-8B23CFEB01C9}.Debug|x86.Build.0 = Debug|Any CPU
		{5F5E3980-00EB-45D1-8C28-8B23CFEB01C9}.Release|Any CPU.ActiveCfg = Release|Any CPU
		{5F5E3980-00EB-45D1-8C28-8B23CFEB01C9}.Release|Any CPU.Build.0 = Release|Any CPU
		{5F5E3980-00EB-45D1-8C28-8B23CFEB01C9}.Release|x86.ActiveCfg = Release|Any CPU
		{5F5E3980-00EB-45D1-8C28-8B23CFEB01C9}.Release|x86.Build.0 = Release|Any CPU
		{81B5A006-AAB3-43B0-B7C1-2E290B87F1BA}.Debug|Any CPU.ActiveCfg = Debug|Any CPU
		{81B5A006-AAB3-43B0-B7C1-2E290B87F1BA}.Debug|Any CPU.Build.0 = Debug|Any CPU
		{81B5A006-AAB3-43B0-B7C1-2E290B87F1BA}.Debug|x86.ActiveCfg = Debug|Any CPU
		{81B5A006-AAB3-43B0-B7C1-2E290B87F1BA}.Debug|x86.Build.0 = Debug|Any CPU
		{81B5A006-AAB3-43B0-B7C1-2E290B87F1BA}.Release|Any CPU.ActiveCfg = Release|Any CPU
		{81B5A006-AAB3-43B0-B7C1-2E290B87F1BA}.Release|Any CPU.Build.0 = Release|Any CPU
		{81B5A006-AAB3-43B0-B7C1-2E290B87F1BA}.Release|x86.ActiveCfg = Release|Any CPU
		{81B5A006-AAB3-43B0-B7C1-2E290B87F1BA}.Release|x86.Build.0 = Release|Any CPU
		{8056D2DD-58E0-4FE8-9FF2-95F11AE8A4AC}.Debug|Any CPU.ActiveCfg = Debug|Any CPU
		{8056D2DD-58E0-4FE8-9FF2-95F11AE8A4AC}.Debug|Any CPU.Build.0 = Debug|Any CPU
		{8056D2DD-58E0-4FE8-9FF2-95F11AE8A4AC}.Debug|x86.ActiveCfg = Debug|Any CPU
		{8056D2DD-58E0-4FE8-9FF2-95F11AE8A4AC}.Debug|x86.Build.0 = Debug|Any CPU
		{8056D2DD-58E0-4FE8-9FF2-95F11AE8A4AC}.Release|Any CPU.ActiveCfg = Release|Any CPU
		{8056D2DD-58E0-4FE8-9FF2-95F11AE8A4AC}.Release|Any CPU.Build.0 = Release|Any CPU
		{8056D2DD-58E0-4FE8-9FF2-95F11AE8A4AC}.Release|x86.ActiveCfg = Release|Any CPU
		{8056D2DD-58E0-4FE8-9FF2-95F11AE8A4AC}.Release|x86.Build.0 = Release|Any CPU
		{C606FA94-0B7E-4698-801F-206CA9DA0CEF}.Debug|Any CPU.ActiveCfg = Debug|Any CPU
		{C606FA94-0B7E-4698-801F-206CA9DA0CEF}.Debug|Any CPU.Build.0 = Debug|Any CPU
		{C606FA94-0B7E-4698-801F-206CA9DA0CEF}.Debug|x86.ActiveCfg = Debug|Any CPU
		{C606FA94-0B7E-4698-801F-206CA9DA0CEF}.Debug|x86.Build.0 = Debug|Any CPU
		{C606FA94-0B7E-4698-801F-206CA9DA0CEF}.Release|Any CPU.ActiveCfg = Release|Any CPU
		{C606FA94-0B7E-4698-801F-206CA9DA0CEF}.Release|Any CPU.Build.0 = Release|Any CPU
		{C606FA94-0B7E-4698-801F-206CA9DA0CEF}.Release|x86.ActiveCfg = Release|Any CPU
		{C606FA94-0B7E-4698-801F-206CA9DA0CEF}.Release|x86.Build.0 = Release|Any CPU
		{2BC759A0-2E5F-46EF-AA23-555D6475EA6C}.Debug|Any CPU.ActiveCfg = Debug|Any CPU
		{2BC759A0-2E5F-46EF-AA23-555D6475EA6C}.Debug|Any CPU.Build.0 = Debug|Any CPU
		{2BC759A0-2E5F-46EF-AA23-555D6475EA6C}.Debug|x86.ActiveCfg = Debug|Any CPU
		{2BC759A0-2E5F-46EF-AA23-555D6475EA6C}.Debug|x86.Build.0 = Debug|Any CPU
		{2BC759A0-2E5F-46EF-AA23-555D6475EA6C}.Release|Any CPU.ActiveCfg = Release|Any CPU
		{2BC759A0-2E5F-46EF-AA23-555D6475EA6C}.Release|Any CPU.Build.0 = Release|Any CPU
		{2BC759A0-2E5F-46EF-AA23-555D6475EA6C}.Release|x86.ActiveCfg = Release|Any CPU
		{2BC759A0-2E5F-46EF-AA23-555D6475EA6C}.Release|x86.Build.0 = Release|Any CPU
		{9E15A5E6-F812-4E56-BF83-2B5C0D247F96}.Debug|Any CPU.ActiveCfg = Debug|Any CPU
		{9E15A5E6-F812-4E56-BF83-2B5C0D247F96}.Debug|Any CPU.Build.0 = Debug|Any CPU
		{9E15A5E6-F812-4E56-BF83-2B5C0D247F96}.Debug|x86.ActiveCfg = Debug|Any CPU
		{9E15A5E6-F812-4E56-BF83-2B5C0D247F96}.Debug|x86.Build.0 = Debug|Any CPU
		{9E15A5E6-F812-4E56-BF83-2B5C0D247F96}.Release|Any CPU.ActiveCfg = Release|Any CPU
		{9E15A5E6-F812-4E56-BF83-2B5C0D247F96}.Release|Any CPU.Build.0 = Release|Any CPU
		{9E15A5E6-F812-4E56-BF83-2B5C0D247F96}.Release|x86.ActiveCfg = Release|Any CPU
		{9E15A5E6-F812-4E56-BF83-2B5C0D247F96}.Release|x86.Build.0 = Release|Any CPU
		{7FE244D8-06C9-4B0E-B2E5-7E92AC14E48D}.Debug|Any CPU.ActiveCfg = Debug|Any CPU
		{7FE244D8-06C9-4B0E-B2E5-7E92AC14E48D}.Debug|Any CPU.Build.0 = Debug|Any CPU
		{7FE244D8-06C9-4B0E-B2E5-7E92AC14E48D}.Debug|x86.ActiveCfg = Debug|Any CPU
		{7FE244D8-06C9-4B0E-B2E5-7E92AC14E48D}.Debug|x86.Build.0 = Debug|Any CPU
		{7FE244D8-06C9-4B0E-B2E5-7E92AC14E48D}.Release|Any CPU.ActiveCfg = Release|Any CPU
		{7FE244D8-06C9-4B0E-B2E5-7E92AC14E48D}.Release|Any CPU.Build.0 = Release|Any CPU
		{7FE244D8-06C9-4B0E-B2E5-7E92AC14E48D}.Release|x86.ActiveCfg = Release|Any CPU
		{7FE244D8-06C9-4B0E-B2E5-7E92AC14E48D}.Release|x86.Build.0 = Release|Any CPU
		{E9310A9C-14AB-4C55-83B9-83FE13E1EC3B}.Debug|Any CPU.ActiveCfg = Debug|Any CPU
		{E9310A9C-14AB-4C55-83B9-83FE13E1EC3B}.Debug|Any CPU.Build.0 = Debug|Any CPU
		{E9310A9C-14AB-4C55-83B9-83FE13E1EC3B}.Debug|x86.ActiveCfg = Debug|Any CPU
		{E9310A9C-14AB-4C55-83B9-83FE13E1EC3B}.Debug|x86.Build.0 = Debug|Any CPU
		{E9310A9C-14AB-4C55-83B9-83FE13E1EC3B}.Release|Any CPU.ActiveCfg = Release|Any CPU
		{E9310A9C-14AB-4C55-83B9-83FE13E1EC3B}.Release|Any CPU.Build.0 = Release|Any CPU
		{E9310A9C-14AB-4C55-83B9-83FE13E1EC3B}.Release|x86.ActiveCfg = Release|Any CPU
		{E9310A9C-14AB-4C55-83B9-83FE13E1EC3B}.Release|x86.Build.0 = Release|Any CPU
		{14B0EE9A-3568-49E1-A675-7E4F65A4C7A1}.Debug|Any CPU.ActiveCfg = Debug|Any CPU
		{14B0EE9A-3568-49E1-A675-7E4F65A4C7A1}.Debug|Any CPU.Build.0 = Debug|Any CPU
		{14B0EE9A-3568-49E1-A675-7E4F65A4C7A1}.Debug|x86.ActiveCfg = Debug|Any CPU
		{14B0EE9A-3568-49E1-A675-7E4F65A4C7A1}.Debug|x86.Build.0 = Debug|Any CPU
		{14B0EE9A-3568-49E1-A675-7E4F65A4C7A1}.Release|Any CPU.ActiveCfg = Release|Any CPU
		{14B0EE9A-3568-49E1-A675-7E4F65A4C7A1}.Release|Any CPU.Build.0 = Release|Any CPU
		{14B0EE9A-3568-49E1-A675-7E4F65A4C7A1}.Release|x86.ActiveCfg = Release|Any CPU
		{14B0EE9A-3568-49E1-A675-7E4F65A4C7A1}.Release|x86.Build.0 = Release|Any CPU
		{A591274A-2626-4FA6-8C9C-BBAC6586EF07}.Debug|Any CPU.ActiveCfg = Debug|Any CPU
		{A591274A-2626-4FA6-8C9C-BBAC6586EF07}.Debug|Any CPU.Build.0 = Debug|Any CPU
		{A591274A-2626-4FA6-8C9C-BBAC6586EF07}.Debug|x86.ActiveCfg = Debug|Any CPU
		{A591274A-2626-4FA6-8C9C-BBAC6586EF07}.Debug|x86.Build.0 = Debug|Any CPU
		{A591274A-2626-4FA6-8C9C-BBAC6586EF07}.Release|Any CPU.ActiveCfg = Release|Any CPU
		{A591274A-2626-4FA6-8C9C-BBAC6586EF07}.Release|Any CPU.Build.0 = Release|Any CPU
		{A591274A-2626-4FA6-8C9C-BBAC6586EF07}.Release|x86.ActiveCfg = Release|Any CPU
		{A591274A-2626-4FA6-8C9C-BBAC6586EF07}.Release|x86.Build.0 = Release|Any CPU
		{C362FA9E-DF8D-49B0-A86A-64661ECDBA9E}.Debug|Any CPU.ActiveCfg = Debug|Any CPU
		{C362FA9E-DF8D-49B0-A86A-64661ECDBA9E}.Debug|Any CPU.Build.0 = Debug|Any CPU
		{C362FA9E-DF8D-49B0-A86A-64661ECDBA9E}.Debug|x86.ActiveCfg = Debug|Any CPU
		{C362FA9E-DF8D-49B0-A86A-64661ECDBA9E}.Debug|x86.Build.0 = Debug|Any CPU
		{C362FA9E-DF8D-49B0-A86A-64661ECDBA9E}.Release|Any CPU.ActiveCfg = Release|Any CPU
		{C362FA9E-DF8D-49B0-A86A-64661ECDBA9E}.Release|Any CPU.Build.0 = Release|Any CPU
		{C362FA9E-DF8D-49B0-A86A-64661ECDBA9E}.Release|x86.ActiveCfg = Release|Any CPU
		{C362FA9E-DF8D-49B0-A86A-64661ECDBA9E}.Release|x86.Build.0 = Release|Any CPU
		{C4E6A477-6BE4-4DFF-8141-5912BC41B3F2}.Debug|Any CPU.ActiveCfg = Debug|Any CPU
		{C4E6A477-6BE4-4DFF-8141-5912BC41B3F2}.Debug|Any CPU.Build.0 = Debug|Any CPU
		{C4E6A477-6BE4-4DFF-8141-5912BC41B3F2}.Debug|x86.ActiveCfg = Debug|Any CPU
		{C4E6A477-6BE4-4DFF-8141-5912BC41B3F2}.Debug|x86.Build.0 = Debug|Any CPU
		{C4E6A477-6BE4-4DFF-8141-5912BC41B3F2}.Release|Any CPU.ActiveCfg = Release|Any CPU
		{C4E6A477-6BE4-4DFF-8141-5912BC41B3F2}.Release|Any CPU.Build.0 = Release|Any CPU
		{C4E6A477-6BE4-4DFF-8141-5912BC41B3F2}.Release|x86.ActiveCfg = Release|Any CPU
		{C4E6A477-6BE4-4DFF-8141-5912BC41B3F2}.Release|x86.Build.0 = Release|Any CPU
		{7208342F-BF11-4241-B032-30F196CE1A6C}.Debug|Any CPU.ActiveCfg = Debug|Any CPU
		{7208342F-BF11-4241-B032-30F196CE1A6C}.Debug|Any CPU.Build.0 = Debug|Any CPU
		{7208342F-BF11-4241-B032-30F196CE1A6C}.Debug|x86.ActiveCfg = Debug|Any CPU
		{7208342F-BF11-4241-B032-30F196CE1A6C}.Debug|x86.Build.0 = Debug|Any CPU
		{7208342F-BF11-4241-B032-30F196CE1A6C}.Release|Any CPU.ActiveCfg = Release|Any CPU
		{7208342F-BF11-4241-B032-30F196CE1A6C}.Release|Any CPU.Build.0 = Release|Any CPU
		{7208342F-BF11-4241-B032-30F196CE1A6C}.Release|x86.ActiveCfg = Release|Any CPU
		{7208342F-BF11-4241-B032-30F196CE1A6C}.Release|x86.Build.0 = Release|Any CPU
		{608175E1-DC7C-4E81-A17B-CDCC7AD09B5D}.Debug|Any CPU.ActiveCfg = Debug|Any CPU
		{608175E1-DC7C-4E81-A17B-CDCC7AD09B5D}.Debug|Any CPU.Build.0 = Debug|Any CPU
		{608175E1-DC7C-4E81-A17B-CDCC7AD09B5D}.Debug|x86.ActiveCfg = Debug|Any CPU
		{608175E1-DC7C-4E81-A17B-CDCC7AD09B5D}.Debug|x86.Build.0 = Debug|Any CPU
		{608175E1-DC7C-4E81-A17B-CDCC7AD09B5D}.Release|Any CPU.ActiveCfg = Release|Any CPU
		{608175E1-DC7C-4E81-A17B-CDCC7AD09B5D}.Release|Any CPU.Build.0 = Release|Any CPU
		{608175E1-DC7C-4E81-A17B-CDCC7AD09B5D}.Release|x86.ActiveCfg = Release|Any CPU
		{608175E1-DC7C-4E81-A17B-CDCC7AD09B5D}.Release|x86.Build.0 = Release|Any CPU
		{30551274-9C04-480C-8239-138C487A3C6D}.Debug|Any CPU.ActiveCfg = Debug|Any CPU
		{30551274-9C04-480C-8239-138C487A3C6D}.Debug|Any CPU.Build.0 = Debug|Any CPU
		{30551274-9C04-480C-8239-138C487A3C6D}.Debug|x86.ActiveCfg = Debug|Any CPU
		{30551274-9C04-480C-8239-138C487A3C6D}.Debug|x86.Build.0 = Debug|Any CPU
		{30551274-9C04-480C-8239-138C487A3C6D}.Release|Any CPU.ActiveCfg = Release|Any CPU
		{30551274-9C04-480C-8239-138C487A3C6D}.Release|Any CPU.Build.0 = Release|Any CPU
		{30551274-9C04-480C-8239-138C487A3C6D}.Release|x86.ActiveCfg = Release|Any CPU
		{30551274-9C04-480C-8239-138C487A3C6D}.Release|x86.Build.0 = Release|Any CPU
		{DE9A68B5-3CF1-48A6-9143-7F382A0E1B9D}.Debug|Any CPU.ActiveCfg = Debug|Any CPU
		{DE9A68B5-3CF1-48A6-9143-7F382A0E1B9D}.Debug|Any CPU.Build.0 = Debug|Any CPU
		{DE9A68B5-3CF1-48A6-9143-7F382A0E1B9D}.Debug|x86.ActiveCfg = Debug|Any CPU
		{DE9A68B5-3CF1-48A6-9143-7F382A0E1B9D}.Debug|x86.Build.0 = Debug|Any CPU
		{DE9A68B5-3CF1-48A6-9143-7F382A0E1B9D}.Release|Any CPU.ActiveCfg = Release|Any CPU
		{DE9A68B5-3CF1-48A6-9143-7F382A0E1B9D}.Release|Any CPU.Build.0 = Release|Any CPU
		{DE9A68B5-3CF1-48A6-9143-7F382A0E1B9D}.Release|x86.ActiveCfg = Release|Any CPU
		{DE9A68B5-3CF1-48A6-9143-7F382A0E1B9D}.Release|x86.Build.0 = Release|Any CPU
		{F4F089BB-8186-4620-BFFB-0DFD96A70CF6}.Debug|Any CPU.ActiveCfg = Debug|Any CPU
		{F4F089BB-8186-4620-BFFB-0DFD96A70CF6}.Debug|Any CPU.Build.0 = Debug|Any CPU
		{F4F089BB-8186-4620-BFFB-0DFD96A70CF6}.Debug|x86.ActiveCfg = Debug|Any CPU
		{F4F089BB-8186-4620-BFFB-0DFD96A70CF6}.Debug|x86.Build.0 = Debug|Any CPU
		{F4F089BB-8186-4620-BFFB-0DFD96A70CF6}.Release|Any CPU.ActiveCfg = Release|Any CPU
		{F4F089BB-8186-4620-BFFB-0DFD96A70CF6}.Release|Any CPU.Build.0 = Release|Any CPU
		{F4F089BB-8186-4620-BFFB-0DFD96A70CF6}.Release|x86.ActiveCfg = Release|Any CPU
		{F4F089BB-8186-4620-BFFB-0DFD96A70CF6}.Release|x86.Build.0 = Release|Any CPU
		{233C4CFF-9E05-499A-A85B-DF46104FB22A}.Debug|Any CPU.ActiveCfg = Debug|Any CPU
		{233C4CFF-9E05-499A-A85B-DF46104FB22A}.Debug|Any CPU.Build.0 = Debug|Any CPU
		{233C4CFF-9E05-499A-A85B-DF46104FB22A}.Debug|x86.ActiveCfg = Debug|Any CPU
		{233C4CFF-9E05-499A-A85B-DF46104FB22A}.Debug|x86.Build.0 = Debug|Any CPU
		{233C4CFF-9E05-499A-A85B-DF46104FB22A}.Release|Any CPU.ActiveCfg = Release|Any CPU
		{233C4CFF-9E05-499A-A85B-DF46104FB22A}.Release|Any CPU.Build.0 = Release|Any CPU
		{233C4CFF-9E05-499A-A85B-DF46104FB22A}.Release|x86.ActiveCfg = Release|Any CPU
		{233C4CFF-9E05-499A-A85B-DF46104FB22A}.Release|x86.Build.0 = Release|Any CPU
		{22A25714-30A6-423F-9F28-5B247056B584}.Debug|Any CPU.ActiveCfg = Debug|Any CPU
		{22A25714-30A6-423F-9F28-5B247056B584}.Debug|Any CPU.Build.0 = Debug|Any CPU
		{22A25714-30A6-423F-9F28-5B247056B584}.Debug|x86.ActiveCfg = Debug|Any CPU
		{22A25714-30A6-423F-9F28-5B247056B584}.Debug|x86.Build.0 = Debug|Any CPU
		{22A25714-30A6-423F-9F28-5B247056B584}.Release|Any CPU.ActiveCfg = Release|Any CPU
		{22A25714-30A6-423F-9F28-5B247056B584}.Release|Any CPU.Build.0 = Release|Any CPU
		{22A25714-30A6-423F-9F28-5B247056B584}.Release|x86.ActiveCfg = Release|Any CPU
		{22A25714-30A6-423F-9F28-5B247056B584}.Release|x86.Build.0 = Release|Any CPU
		{10D8648E-A68B-444C-96D8-FDBA2511D8A3}.Debug|Any CPU.ActiveCfg = Debug|Any CPU
		{10D8648E-A68B-444C-96D8-FDBA2511D8A3}.Debug|Any CPU.Build.0 = Debug|Any CPU
		{10D8648E-A68B-444C-96D8-FDBA2511D8A3}.Debug|x86.ActiveCfg = Debug|Any CPU
		{10D8648E-A68B-444C-96D8-FDBA2511D8A3}.Debug|x86.Build.0 = Debug|Any CPU
		{10D8648E-A68B-444C-96D8-FDBA2511D8A3}.Release|Any CPU.ActiveCfg = Release|Any CPU
		{10D8648E-A68B-444C-96D8-FDBA2511D8A3}.Release|Any CPU.Build.0 = Release|Any CPU
		{10D8648E-A68B-444C-96D8-FDBA2511D8A3}.Release|x86.ActiveCfg = Release|Any CPU
		{10D8648E-A68B-444C-96D8-FDBA2511D8A3}.Release|x86.Build.0 = Release|Any CPU
	EndGlobalSection
	GlobalSection(SolutionProperties) = preSolution
		HideSolutionNode = FALSE
	EndGlobalSection
	GlobalSection(NestedProjects) = preSolution
		{9EBAAAF2-7C59-46AE-B7B9-69722F8044C4} = {68AEA7B5-A438-4196-BB56-CD0A1E70478B}
		{C29E3A73-0B49-480B-8263-D3A48ABFE665} = {9EBAAAF2-7C59-46AE-B7B9-69722F8044C4}
		{2BC759A0-2E5F-46EF-AA23-555D6475EA6C} = {68982F7F-C03C-43FC-9AE6-4444784300AD}
		{68982F7F-C03C-43FC-9AE6-4444784300AD} = {68AEA7B5-A438-4196-BB56-CD0A1E70478B}
		{9E15A5E6-F812-4E56-BF83-2B5C0D247F96} = {C29E3A73-0B49-480B-8263-D3A48ABFE665}
		{EF80FF17-E9FB-44FF-BF2C-824612CBF15D} = {68AEA7B5-A438-4196-BB56-CD0A1E70478B}
		{138B1DBE-B890-44E6-A881-641AE158F54B} = {68AEA7B5-A438-4196-BB56-CD0A1E70478B}
		{8F36E485-02DA-4915-B635-48BC69099B7C} = {138B1DBE-B890-44E6-A881-641AE158F54B}
		{A591274A-2626-4FA6-8C9C-BBAC6586EF07} = {8F36E485-02DA-4915-B635-48BC69099B7C}
		{C362FA9E-DF8D-49B0-A86A-64661ECDBA9E} = {5242D79B-B6B8-4E15-A475-B55E0B98F75E}
		{5301CE9E-3AD8-44A5-85FF-5DDA4A0480A8} = {68AEA7B5-A438-4196-BB56-CD0A1E70478B}
		{5242D79B-B6B8-4E15-A475-B55E0B98F75E} = {5301CE9E-3AD8-44A5-85FF-5DDA4A0480A8}
		{CB9D083D-0F3B-4331-85C9-36E266473C21} = {EF80FF17-E9FB-44FF-BF2C-824612CBF15D}
		{C4E6A477-6BE4-4DFF-8141-5912BC41B3F2} = {CB9D083D-0F3B-4331-85C9-36E266473C21}
		{371CC2DC-955B-4D62-B6CE-60CD66404742} = {68AEA7B5-A438-4196-BB56-CD0A1E70478B}
		{608175E1-DC7C-4E81-A17B-CDCC7AD09B5D} = {371CC2DC-955B-4D62-B6CE-60CD66404742}
		{3C7BC4B9-DBEA-47D1-9B3F-D0A1E2645523} = {EF80FF17-E9FB-44FF-BF2C-824612CBF15D}
		{30551274-9C04-480C-8239-138C487A3C6D} = {3C7BC4B9-DBEA-47D1-9B3F-D0A1E2645523}
		{4F7820AB-69E2-4CDC-9906-D04072CB3312} = {68AEA7B5-A438-4196-BB56-CD0A1E70478B}
		{DE9A68B5-3CF1-48A6-9143-7F382A0E1B9D} = {4F7820AB-69E2-4CDC-9906-D04072CB3312}
		{F4F089BB-8186-4620-BFFB-0DFD96A70CF6} = {EF80FF17-E9FB-44FF-BF2C-824612CBF15D}
		{15D48E1B-5DAD-4553-A887-952AD7CED0CE} = {68AEA7B5-A438-4196-BB56-CD0A1E70478B}
		{233C4CFF-9E05-499A-A85B-DF46104FB22A} = {15D48E1B-5DAD-4553-A887-952AD7CED0CE}
		{1E30A608-08C2-4972-873B-677239BEE20C} = {138B1DBE-B890-44E6-A881-641AE158F54B}
		{22A25714-30A6-423F-9F28-5B247056B584} = {1E30A608-08C2-4972-873B-677239BEE20C}
		{D6C10049-2618-426D-B35D-0833B805983D} = {EF80FF17-E9FB-44FF-BF2C-824612CBF15D}
		{10D8648E-A68B-444C-96D8-FDBA2511D8A3} = {D6C10049-2618-426D-B35D-0833B805983D}
	EndGlobalSection
	GlobalSection(ExtensibilityGlobals) = postSolution
		SolutionGuid = {71D1BAB0-0FB3-4200-A013-A7CEE7708890}
	EndGlobalSection
EndGlobal
